// !$*UTF8*$!
{
	archiveVersion = 1;
	classes = {
	};
	objectVersion = 77;
	objects = {

/* Begin PBXBuildFile section */
		100000000000000000000001 /* SnipSnapApp.swift in Sources */ = {isa = PBXBuildFile; fileRef = 200000000000000000000001 /* SnipSnapApp.swift */; };
		100000000000000000000002 /* ContentView.swift in Sources */ = {isa = PBXBuildFile; fileRef = 200000000000000000000002 /* ContentView.swift */; };
		100000000000000000000003 /* AppWindowDefaults.swift in Sources */ = {isa = PBXBuildFile; fileRef = 200000000000000000000003 /* AppWindowDefaults.swift */; };
		100000000000000000000005 /* Snip.swift in Sources */ = {isa = PBXBuildFile; fileRef = 200000000000000000000007 /* Snip.swift */; };
		100000000000000000000006 /* SelectionCapture.swift in Sources */ = {isa = PBXBuildFile; fileRef = 200000000000000000000008 /* SelectionCapture.swift */; };
		100000000000000000000007 /* DetachedEditor.swift in Sources */ = {isa = PBXBuildFile; fileRef = 200000000000000000000009 /* DetachedEditor.swift */; };
		100000000000000000000008 /* Assets.xcassets in Resources */ = {isa = PBXBuildFile; fileRef = 200000000000000000000010 /* Assets.xcassets */; };
		100000000000000000000009 /* ShortcutModel.swift in Sources */ = {isa = PBXBuildFile; fileRef = 200000000000000000000011 /* ShortcutModel.swift */; };
		10000000000000000000000A /* ShortcutSettingsView.swift in Sources */ = {isa = PBXBuildFile; fileRef = 200000000000000000000012 /* ShortcutSettingsView.swift */; };
		10000000000000000000000B /* SnipSnapPanel.swift in Sources */ = {isa = PBXBuildFile; fileRef = 200000000000000000000013 /* SnipSnapPanel.swift */; };
		10000000000000000000000C /* AppCoordinator.swift in Sources */ = {isa = PBXBuildFile; fileRef = 200000000000000000000014 /* AppCoordinator.swift */; };
		10000000000000000000000D /* CaptureHUD.swift in Sources */ = {isa = PBXBuildFile; fileRef = 200000000000000000000015 /* CaptureHUD.swift */; };
		10000000000000000000000E /* SnipCardRow.swift in Sources */ = {isa = PBXBuildFile; fileRef = 200000000000000000000016 /* SnipCardRow.swift */; };
		100000000000000000000010 /* SnipRepository.swift in Sources */ = {isa = PBXBuildFile; fileRef = 200000000000000000000018 /* SnipRepository.swift */; };
		100000000000000000000011 /* SnipListModels.swift in Sources */ = {isa = PBXBuildFile; fileRef = 200000000000000000000019 /* SnipListModels.swift */; };
		100000000000000000000012 /* AppModel.swift in Sources */ = {isa = PBXBuildFile; fileRef = 20000000000000000000001A /* AppModel.swift */; };
		100000000000000000000013 /* PasteboardSnapshotStore.swift in Sources */ = {isa = PBXBuildFile; fileRef = 20000000000000000000001B /* PasteboardSnapshotStore.swift */; };
		100000000000000000000014 /* DoubleShiftDetector.swift in Sources */ = {isa = PBXBuildFile; fileRef = 20000000000000000000001C /* DoubleShiftDetector.swift */; };
		100000000000000000000015 /* GlobalHotKeyManager.swift in Sources */ = {isa = PBXBuildFile; fileRef = 20000000000000000000001D /* GlobalHotKeyManager.swift */; };
		100000000000000000000017 /* SelectionCaptureTests.swift in Sources */ = {isa = PBXBuildFile; fileRef = 20000000000000000000001F /* SelectionCaptureTests.swift */; };
		100000000000000000000018 /* PanelTests.swift in Sources */ = {isa = PBXBuildFile; fileRef = 200000000000000000000020 /* PanelTests.swift */; };
		100000000000000000000019 /* SelectionCaptureAccess.swift in Sources */ = {isa = PBXBuildFile; fileRef = 200000000000000000000021 /* SelectionCaptureAccess.swift */; };
		10000000000000000000001A /* SelectionCaptureSnapshotReader.swift in Sources */ = {isa = PBXBuildFile; fileRef = 200000000000000000000022 /* SelectionCaptureSnapshotReader.swift */; };
		10000000000000000000001B /* SnipCommand.swift in Sources */ = {isa = PBXBuildFile; fileRef = 200000000000000000000023 /* SnipCommand.swift */; };
		10000000000000000000001C /* PanelMoreButton.swift in Sources */ = {isa = PBXBuildFile; fileRef = 200000000000000000000024 /* PanelMoreButton.swift */; };
		10000000000000000000001D /* SnipListSheets.swift in Sources */ = {isa = PBXBuildFile; fileRef = 200000000000000000000025 /* SnipListSheets.swift */; };
		10000000000000000000001E /* SnipListView.swift in Sources */ = {isa = PBXBuildFile; fileRef = 200000000000000000000026 /* SnipListView.swift */; };
		10000000000000000000001F /* TestSupport.swift in Sources */ = {isa = PBXBuildFile; fileRef = 200000000000000000000027 /* TestSupport.swift */; };
		100000000000000000000020 /* SnipRepositoryTests.swift in Sources */ = {isa = PBXBuildFile; fileRef = 200000000000000000000028 /* SnipRepositoryTests.swift */; };
		100000000000000000000021 /* AppModelTests.swift in Sources */ = {isa = PBXBuildFile; fileRef = 200000000000000000000029 /* AppModelTests.swift */; };
		100000000000000000000022 /* SnipListModelsTests.swift in Sources */ = {isa = PBXBuildFile; fileRef = 20000000000000000000002A /* SnipListModelsTests.swift */; };
		100000000000000000000023 /* DetachedEditorTests.swift in Sources */ = {isa = PBXBuildFile; fileRef = 20000000000000000000002B /* DetachedEditorTests.swift */; };
		100000000000000000000024 /* ShortcutTests.swift in Sources */ = {isa = PBXBuildFile; fileRef = 20000000000000000000002C /* ShortcutTests.swift */; };
		100000000000000000000025 /* AppCoordinatorTests.swift in Sources */ = {isa = PBXBuildFile; fileRef = 20000000000000000000002D /* AppCoordinatorTests.swift */; };
		100000000000000000000026 /* SelectionCaptureTestSupport.swift in Sources */ = {isa = PBXBuildFile; fileRef = 20000000000000000000002E /* SelectionCaptureTestSupport.swift */; };
		100000000000000000000027 /* PanelUI.swift in Sources */ = {isa = PBXBuildFile; fileRef = 200000000000000000000030 /* PanelUI.swift */; };
		100000000000000000000028 /* ClipboardHistory.swift in Sources */ = {isa = PBXBuildFile; fileRef = 200000000000000000000031 /* ClipboardHistory.swift */; };
		100000000000000000000029 /* ClipboardHistoryTests.swift in Sources */ = {isa = PBXBuildFile; fileRef = 200000000000000000000032 /* ClipboardHistoryTests.swift */; };
		10000000000000000000002A /* SnipListTabBarView.swift in Sources */ = {isa = PBXBuildFile; fileRef = 200000000000000000000033 /* SnipListTabBarView.swift */; };
		10000000000000000000002B /* ClipboardViews.swift in Sources */ = {isa = PBXBuildFile; fileRef = 200000000000000000000034 /* ClipboardViews.swift */; };
		10000000000000000000002D /* PreviewImageCache.swift in Sources */ = {isa = PBXBuildFile; fileRef = 200000000000000000000036 /* PreviewImageCache.swift */; };
		10000000000000000000002E /* ComposerDraftStore.swift in Sources */ = {isa = PBXBuildFile; fileRef = 200000000000000000000037 /* ComposerDraftStore.swift */; };
		100000000000000000000030 /* AttachmentPreview.swift in Sources */ = {isa = PBXBuildFile; fileRef = 200000000000000000000039 /* AttachmentPreview.swift */; };
		100000000000000000000031 /* SnipDragExport.swift in Sources */ = {isa = PBXBuildFile; fileRef = 20000000000000000000003A /* SnipDragExport.swift */; };
		100000000000000000000032 /* PanelFileDrop.swift in Sources */ = {isa = PBXBuildFile; fileRef = 20000000000000000000003B /* PanelFileDrop.swift */; };
		100000000000000000000033 /* SnipSnapColors.swift in Sources */ = {isa = PBXBuildFile; fileRef = 20000000000000000000003C /* SnipSnapColors.swift */; };
		100000000000000000000034 /* PanelResizeSurface.swift in Sources */ = {isa = PBXBuildFile; fileRef = 20000000000000000000003D /* PanelResizeSurface.swift */; };
		100000000000000000000035 /* DevelopmentBuildBadge.swift in Sources */ = {isa = PBXBuildFile; fileRef = 20000000000000000000003E /* DevelopmentBuildBadge.swift */; };
		100000000000000000000036 /* PanelMultilineTextInput.swift in Sources */ = {isa = PBXBuildFile; fileRef = 20000000000000000000003F /* PanelMultilineTextInput.swift */; };
		100000000000000000000037 /* SnipListIconCatalog.swift in Sources */ = {isa = PBXBuildFile; fileRef = 200000000000000000000040 /* SnipListIconCatalog.swift */; };
		2230FA4B303C74F2008B20D5 /* Sparkle in Frameworks */ = {isa = PBXBuildFile; productRef = 2230FA4A303C74F2008B20D5 /* Sparkle */; };
/* End PBXBuildFile section */

/* Begin PBXContainerItemProxy section */
		300000000000000000000001 /* PBXContainerItemProxy */ = {
			isa = PBXContainerItemProxy;
			containerPortal = 400000000000000000000001 /* Project object */;
			proxyType = 1;
			remoteGlobalIDString = 500000000000000000000001;
			remoteInfo = SnipSnap;
		};
/* End PBXContainerItemProxy section */

/* Begin PBXFileReference section */
		200000000000000000000001 /* SnipSnapApp.swift */ = {isa = PBXFileReference; lastKnownFileType = sourcecode.swift; path = SnipSnapApp.swift; sourceTree = "<group>"; };
		200000000000000000000002 /* ContentView.swift */ = {isa = PBXFileReference; lastKnownFileType = sourcecode.swift; path = ContentView.swift; sourceTree = "<group>"; };
		200000000000000000000003 /* AppWindowDefaults.swift */ = {isa = PBXFileReference; lastKnownFileType = sourcecode.swift; path = AppWindowDefaults.swift; sourceTree = "<group>"; };
		200000000000000000000005 /* Snip Snap.app */ = {isa = PBXFileReference; explicitFileType = wrapper.application; includeInIndex = 0; path = "Snip Snap.app"; sourceTree = BUILT_PRODUCTS_DIR; };
		200000000000000000000006 /* SnipSnapTests.xctest */ = {isa = PBXFileReference; explicitFileType = wrapper.cfbundle; includeInIndex = 0; path = SnipSnapTests.xctest; sourceTree = BUILT_PRODUCTS_DIR; };
		200000000000000000000007 /* Snip.swift */ = {isa = PBXFileReference; lastKnownFileType = sourcecode.swift; path = Snip.swift; sourceTree = "<group>"; };
		200000000000000000000008 /* SelectionCapture.swift */ = {isa = PBXFileReference; lastKnownFileType = sourcecode.swift; path = SelectionCapture.swift; sourceTree = "<group>"; };
		200000000000000000000009 /* DetachedEditor.swift */ = {isa = PBXFileReference; lastKnownFileType = sourcecode.swift; path = DetachedEditor.swift; sourceTree = "<group>"; };
		200000000000000000000010 /* Assets.xcassets */ = {isa = PBXFileReference; lastKnownFileType = folder.assetcatalog; path = Assets.xcassets; sourceTree = "<group>"; };
		200000000000000000000011 /* ShortcutModel.swift */ = {isa = PBXFileReference; lastKnownFileType = sourcecode.swift; path = ShortcutModel.swift; sourceTree = "<group>"; };
		200000000000000000000012 /* ShortcutSettingsView.swift */ = {isa = PBXFileReference; lastKnownFileType = sourcecode.swift; path = ShortcutSettingsView.swift; sourceTree = "<group>"; };
		200000000000000000000013 /* SnipSnapPanel.swift */ = {isa = PBXFileReference; lastKnownFileType = sourcecode.swift; path = SnipSnapPanel.swift; sourceTree = "<group>"; };
		200000000000000000000014 /* AppCoordinator.swift */ = {isa = PBXFileReference; lastKnownFileType = sourcecode.swift; path = AppCoordinator.swift; sourceTree = "<group>"; };
		200000000000000000000015 /* CaptureHUD.swift */ = {isa = PBXFileReference; lastKnownFileType = sourcecode.swift; path = CaptureHUD.swift; sourceTree = "<group>"; };
		200000000000000000000016 /* SnipCardRow.swift */ = {isa = PBXFileReference; lastKnownFileType = sourcecode.swift; path = SnipCardRow.swift; sourceTree = "<group>"; };
		200000000000000000000018 /* SnipRepository.swift */ = {isa = PBXFileReference; lastKnownFileType = sourcecode.swift; path = SnipRepository.swift; sourceTree = "<group>"; };
		200000000000000000000019 /* SnipListModels.swift */ = {isa = PBXFileReference; lastKnownFileType = sourcecode.swift; path = SnipListModels.swift; sourceTree = "<group>"; };
		20000000000000000000001A /* AppModel.swift */ = {isa = PBXFileReference; lastKnownFileType = sourcecode.swift; path = AppModel.swift; sourceTree = "<group>"; };
		20000000000000000000001B /* PasteboardSnapshotStore.swift */ = {isa = PBXFileReference; lastKnownFileType = sourcecode.swift; path = PasteboardSnapshotStore.swift; sourceTree = "<group>"; };
		20000000000000000000001C /* DoubleShiftDetector.swift */ = {isa = PBXFileReference; lastKnownFileType = sourcecode.swift; path = DoubleShiftDetector.swift; sourceTree = "<group>"; };
		20000000000000000000001D /* GlobalHotKeyManager.swift */ = {isa = PBXFileReference; lastKnownFileType = sourcecode.swift; path = GlobalHotKeyManager.swift; sourceTree = "<group>"; };
		20000000000000000000001F /* SelectionCaptureTests.swift */ = {isa = PBXFileReference; lastKnownFileType = sourcecode.swift; path = SelectionCaptureTests.swift; sourceTree = "<group>"; };
		200000000000000000000020 /* PanelTests.swift */ = {isa = PBXFileReference; lastKnownFileType = sourcecode.swift; path = PanelTests.swift; sourceTree = "<group>"; };
		200000000000000000000021 /* SelectionCaptureAccess.swift */ = {isa = PBXFileReference; lastKnownFileType = sourcecode.swift; path = SelectionCaptureAccess.swift; sourceTree = "<group>"; };
		200000000000000000000022 /* SelectionCaptureSnapshotReader.swift */ = {isa = PBXFileReference; lastKnownFileType = sourcecode.swift; path = SelectionCaptureSnapshotReader.swift; sourceTree = "<group>"; };
		200000000000000000000023 /* SnipCommand.swift */ = {isa = PBXFileReference; lastKnownFileType = sourcecode.swift; path = SnipCommand.swift; sourceTree = "<group>"; };
		200000000000000000000024 /* PanelMoreButton.swift */ = {isa = PBXFileReference; lastKnownFileType = sourcecode.swift; path = PanelMoreButton.swift; sourceTree = "<group>"; };
		200000000000000000000025 /* SnipListSheets.swift */ = {isa = PBXFileReference; lastKnownFileType = sourcecode.swift; path = SnipListSheets.swift; sourceTree = "<group>"; };
		200000000000000000000026 /* SnipListView.swift */ = {isa = PBXFileReference; lastKnownFileType = sourcecode.swift; path = SnipListView.swift; sourceTree = "<group>"; };
		200000000000000000000027 /* TestSupport.swift */ = {isa = PBXFileReference; lastKnownFileType = sourcecode.swift; path = TestSupport.swift; sourceTree = "<group>"; };
		200000000000000000000028 /* SnipRepositoryTests.swift */ = {isa = PBXFileReference; lastKnownFileType = sourcecode.swift; path = SnipRepositoryTests.swift; sourceTree = "<group>"; };
		200000000000000000000029 /* AppModelTests.swift */ = {isa = PBXFileReference; lastKnownFileType = sourcecode.swift; path = AppModelTests.swift; sourceTree = "<group>"; };
		20000000000000000000002A /* SnipListModelsTests.swift */ = {isa = PBXFileReference; lastKnownFileType = sourcecode.swift; path = SnipListModelsTests.swift; sourceTree = "<group>"; };
		20000000000000000000002B /* DetachedEditorTests.swift */ = {isa = PBXFileReference; lastKnownFileType = sourcecode.swift; path = DetachedEditorTests.swift; sourceTree = "<group>"; };
		20000000000000000000002C /* ShortcutTests.swift */ = {isa = PBXFileReference; lastKnownFileType = sourcecode.swift; path = ShortcutTests.swift; sourceTree = "<group>"; };
		20000000000000000000002D /* AppCoordinatorTests.swift */ = {isa = PBXFileReference; lastKnownFileType = sourcecode.swift; path = AppCoordinatorTests.swift; sourceTree = "<group>"; };
		20000000000000000000002E /* SelectionCaptureTestSupport.swift */ = {isa = PBXFileReference; lastKnownFileType = sourcecode.swift; path = SelectionCaptureTestSupport.swift; sourceTree = "<group>"; };
		20000000000000000000002F /* Info.plist */ = {isa = PBXFileReference; lastKnownFileType = text.plist.xml; path = Info.plist; sourceTree = "<group>"; };
		200000000000000000000030 /* PanelUI.swift */ = {isa = PBXFileReference; lastKnownFileType = sourcecode.swift; path = PanelUI.swift; sourceTree = "<group>"; };
		200000000000000000000031 /* ClipboardHistory.swift */ = {isa = PBXFileReference; lastKnownFileType = sourcecode.swift; path = ClipboardHistory.swift; sourceTree = "<group>"; };
		200000000000000000000032 /* ClipboardHistoryTests.swift */ = {isa = PBXFileReference; lastKnownFileType = sourcecode.swift; path = ClipboardHistoryTests.swift; sourceTree = "<group>"; };
		200000000000000000000033 /* SnipListTabBarView.swift */ = {isa = PBXFileReference; lastKnownFileType = sourcecode.swift; path = SnipListTabBarView.swift; sourceTree = "<group>"; };
		200000000000000000000034 /* ClipboardViews.swift */ = {isa = PBXFileReference; lastKnownFileType = sourcecode.swift; path = ClipboardViews.swift; sourceTree = "<group>"; };
		200000000000000000000036 /* PreviewImageCache.swift */ = {isa = PBXFileReference; lastKnownFileType = sourcecode.swift; path = PreviewImageCache.swift; sourceTree = "<group>"; };
		200000000000000000000037 /* ComposerDraftStore.swift */ = {isa = PBXFileReference; lastKnownFileType = sourcecode.swift; path = ComposerDraftStore.swift; sourceTree = "<group>"; };
		200000000000000000000039 /* AttachmentPreview.swift */ = {isa = PBXFileReference; lastKnownFileType = sourcecode.swift; path = AttachmentPreview.swift; sourceTree = "<group>"; };
		20000000000000000000003A /* SnipDragExport.swift */ = {isa = PBXFileReference; lastKnownFileType = sourcecode.swift; path = SnipDragExport.swift; sourceTree = "<group>"; };
		20000000000000000000003B /* PanelFileDrop.swift */ = {isa = PBXFileReference; lastKnownFileType = sourcecode.swift; path = PanelFileDrop.swift; sourceTree = "<group>"; };
		20000000000000000000003C /* SnipSnapColors.swift */ = {isa = PBXFileReference; lastKnownFileType = sourcecode.swift; path = SnipSnapColors.swift; sourceTree = "<group>"; };
		20000000000000000000003D /* PanelResizeSurface.swift */ = {isa = PBXFileReference; lastKnownFileType = sourcecode.swift; path = PanelResizeSurface.swift; sourceTree = "<group>"; };
		20000000000000000000003E /* DevelopmentBuildBadge.swift */ = {isa = PBXFileReference; lastKnownFileType = sourcecode.swift; path = DevelopmentBuildBadge.swift; sourceTree = "<group>"; };
		20000000000000000000003F /* PanelMultilineTextInput.swift */ = {isa = PBXFileReference; lastKnownFileType = sourcecode.swift; path = PanelMultilineTextInput.swift; sourceTree = "<group>"; };
		200000000000000000000040 /* SnipListIconCatalog.swift */ = {isa = PBXFileReference; lastKnownFileType = sourcecode.swift; path = SnipListIconCatalog.swift; sourceTree = "<group>"; };
/* End PBXFileReference section */

/* Begin PBXFrameworksBuildPhase section */
		600000000000000000000001 /* Frameworks */ = {
			isa = PBXFrameworksBuildPhase;
			buildActionMask = 2147483647;
			files = (
				2230FA4B303C74F2008B20D5 /* Sparkle in Frameworks */,
			);
			runOnlyForDeploymentPostprocessing = 0;
		};
		600000000000000000000002 /* Frameworks */ = {
			isa = PBXFrameworksBuildPhase;
			buildActionMask = 2147483647;
			files = (
			);
			runOnlyForDeploymentPostprocessing = 0;
		};
/* End PBXFrameworksBuildPhase section */

/* Begin PBXGroup section */
		700000000000000000000001 = {
			isa = PBXGroup;
			children = (
				700000000000000000000002 /* SnipSnap */,
				700000000000000000000003 /* SnipSnapTests */,
				700000000000000000000004 /* Products */,
			);
			sourceTree = "<group>";
		};
		700000000000000000000002 /* SnipSnap */ = {
			isa = PBXGroup;
			children = (
				200000000000000000000001 /* SnipSnapApp.swift */,
				200000000000000000000002 /* ContentView.swift */,
				200000000000000000000003 /* AppWindowDefaults.swift */,
				200000000000000000000007 /* Snip.swift */,
				200000000000000000000018 /* SnipRepository.swift */,
				200000000000000000000019 /* SnipListModels.swift */,
				20000000000000000000001A /* AppModel.swift */,
				200000000000000000000008 /* SelectionCapture.swift */,
				200000000000000000000021 /* SelectionCaptureAccess.swift */,
				200000000000000000000022 /* SelectionCaptureSnapshotReader.swift */,
				20000000000000000000001B /* PasteboardSnapshotStore.swift */,
				200000000000000000000014 /* AppCoordinator.swift */,
				200000000000000000000015 /* CaptureHUD.swift */,
				200000000000000000000009 /* DetachedEditor.swift */,
				200000000000000000000011 /* ShortcutModel.swift */,
				20000000000000000000001C /* DoubleShiftDetector.swift */,
				20000000000000000000001D /* GlobalHotKeyManager.swift */,
				200000000000000000000012 /* ShortcutSettingsView.swift */,
				200000000000000000000013 /* SnipSnapPanel.swift */,
				20000000000000000000003B /* PanelFileDrop.swift */,
				20000000000000000000003D /* PanelResizeSurface.swift */,
				20000000000000000000003F /* PanelMultilineTextInput.swift */,
				200000000000000000000016 /* SnipCardRow.swift */,
				200000000000000000000023 /* SnipCommand.swift */,
				200000000000000000000024 /* PanelMoreButton.swift */,
				20000000000000000000003E /* DevelopmentBuildBadge.swift */,
				200000000000000000000025 /* SnipListSheets.swift */,
				200000000000000000000040 /* SnipListIconCatalog.swift */,
				200000000000000000000026 /* SnipListView.swift */,
				200000000000000000000039 /* AttachmentPreview.swift */,
				20000000000000000000003A /* SnipDragExport.swift */,
				200000000000000000000030 /* PanelUI.swift */,
				20000000000000000000003C /* SnipSnapColors.swift */,
				200000000000000000000031 /* ClipboardHistory.swift */,
				200000000000000000000033 /* SnipListTabBarView.swift */,
				200000000000000000000034 /* ClipboardViews.swift */,
				200000000000000000000036 /* PreviewImageCache.swift */,
				200000000000000000000037 /* ComposerDraftStore.swift */,
				20000000000000000000002F /* Info.plist */,
				200000000000000000000010 /* Assets.xcassets */,
			);
			path = SnipSnap;
			sourceTree = "<group>";
		};
		700000000000000000000003 /* SnipSnapTests */ = {
			isa = PBXGroup;
			children = (
				200000000000000000000027 /* TestSupport.swift */,
				200000000000000000000028 /* SnipRepositoryTests.swift */,
				200000000000000000000029 /* AppModelTests.swift */,
				20000000000000000000002A /* SnipListModelsTests.swift */,
				20000000000000000000002B /* DetachedEditorTests.swift */,
				20000000000000000000002C /* ShortcutTests.swift */,
				20000000000000000000002D /* AppCoordinatorTests.swift */,
				20000000000000000000002E /* SelectionCaptureTestSupport.swift */,
				20000000000000000000001F /* SelectionCaptureTests.swift */,
				200000000000000000000020 /* PanelTests.swift */,
				200000000000000000000032 /* ClipboardHistoryTests.swift */,
			);
			path = SnipSnapTests;
			sourceTree = "<group>";
		};
		700000000000000000000004 /* Products */ = {
			isa = PBXGroup;
			children = (
				200000000000000000000005 /* Snip Snap.app */,
				200000000000000000000006 /* SnipSnapTests.xctest */,
			);
			name = Products;
			sourceTree = "<group>";
		};
/* End PBXGroup section */

/* Begin PBXNativeTarget section */
		500000000000000000000001 /* SnipSnap */ = {
			isa = PBXNativeTarget;
			buildConfigurationList = 800000000000000000000001 /* Build configuration list for PBXNativeTarget "SnipSnap" */;
			buildPhases = (
				900000000000000000000001 /* Sources */,
				600000000000000000000001 /* Frameworks */,
				A00000000000000000000001 /* Resources */,
			);
			buildRules = (
			);
			dependencies = (
			);
			name = SnipSnap;
			packageProductDependencies = (
				2230FA4A303C74F2008B20D5 /* Sparkle */,
			);
			productName = SnipSnap;
			productReference = 200000000000000000000005 /* Snip Snap.app */;
			productType = "com.apple.product-type.application";
		};
		500000000000000000000002 /* SnipSnapTests */ = {
			isa = PBXNativeTarget;
			buildConfigurationList = 800000000000000000000002 /* Build configuration list for PBXNativeTarget "SnipSnapTests" */;
			buildPhases = (
				900000000000000000000002 /* Sources */,
				600000000000000000000002 /* Frameworks */,
				A00000000000000000000002 /* Resources */,
			);
			buildRules = (
			);
			dependencies = (
				B00000000000000000000001 /* PBXTargetDependency */,
			);
			name = SnipSnapTests;
			packageProductDependencies = (
			);
			productName = SnipSnapTests;
			productReference = 200000000000000000000006 /* SnipSnapTests.xctest */;
			productType = "com.apple.product-type.bundle.unit-test";
		};
/* End PBXNativeTarget section */

/* Begin PBXProject section */
		400000000000000000000001 /* Project object */ = {
			isa = PBXProject;
			attributes = {
				BuildIndependentTargetsInParallel = 1;
				LastSwiftUpdateCheck = 2660;
				LastUpgradeCheck = 2660;
				TargetAttributes = {
					500000000000000000000001 = {
						CreatedOnToolsVersion = 26.6;
					};
					500000000000000000000002 = {
						CreatedOnToolsVersion = 26.6;
						TestTargetID = 500000000000000000000001;
					};
				};
			};
			buildConfigurationList = 800000000000000000000003 /* Build configuration list for PBXProject "SnipSnap" */;
			developmentRegion = en;
			hasScannedForEncodings = 0;
			knownRegions = (
				en,
				Base,
			);
			mainGroup = 700000000000000000000001;
			minimizedProjectReferenceProxies = 1;
			packageReferences = (
				2230FA49303C74F2008B20D5 /* XCRemoteSwiftPackageReference "Sparkle" */,
			);
			preferredProjectObjectVersion = 77;
			productRefGroup = 700000000000000000000004 /* Products */;
			projectDirPath = "";
			projectRoot = "";
			targets = (
				500000000000000000000001 /* SnipSnap */,
				500000000000000000000002 /* SnipSnapTests */,
			);
		};
/* End PBXProject section */

/* Begin PBXResourcesBuildPhase section */
		A00000000000000000000001 /* Resources */ = {
			isa = PBXResourcesBuildPhase;
			buildActionMask = 2147483647;
			files = (
				100000000000000000000008 /* Assets.xcassets in Resources */,
			);
			runOnlyForDeploymentPostprocessing = 0;
		};
		A00000000000000000000002 /* Resources */ = {
			isa = PBXResourcesBuildPhase;
			buildActionMask = 2147483647;
			files = (
			);
			runOnlyForDeploymentPostprocessing = 0;
		};
/* End PBXResourcesBuildPhase section */

/* Begin PBXSourcesBuildPhase section */
		900000000000000000000001 /* Sources */ = {
			isa = PBXSourcesBuildPhase;
			buildActionMask = 2147483647;
			files = (
				100000000000000000000001 /* SnipSnapApp.swift in Sources */,
				100000000000000000000002 /* ContentView.swift in Sources */,
				100000000000000000000003 /* AppWindowDefaults.swift in Sources */,
				100000000000000000000005 /* Snip.swift in Sources */,
				100000000000000000000010 /* SnipRepository.swift in Sources */,
				100000000000000000000011 /* SnipListModels.swift in Sources */,
				100000000000000000000012 /* AppModel.swift in Sources */,
				100000000000000000000006 /* SelectionCapture.swift in Sources */,
				100000000000000000000019 /* SelectionCaptureAccess.swift in Sources */,
				10000000000000000000001A /* SelectionCaptureSnapshotReader.swift in Sources */,
				100000000000000000000013 /* PasteboardSnapshotStore.swift in Sources */,
				10000000000000000000000C /* AppCoordinator.swift in Sources */,
				10000000000000000000000D /* CaptureHUD.swift in Sources */,
				100000000000000000000007 /* DetachedEditor.swift in Sources */,
				100000000000000000000009 /* ShortcutModel.swift in Sources */,
				100000000000000000000014 /* DoubleShiftDetector.swift in Sources */,
				100000000000000000000015 /* GlobalHotKeyManager.swift in Sources */,
				10000000000000000000000A /* ShortcutSettingsView.swift in Sources */,
				10000000000000000000000B /* SnipSnapPanel.swift in Sources */,
				100000000000000000000032 /* PanelFileDrop.swift in Sources */,
				100000000000000000000034 /* PanelResizeSurface.swift in Sources */,
				100000000000000000000036 /* PanelMultilineTextInput.swift in Sources */,
				10000000000000000000000E /* SnipCardRow.swift in Sources */,
				10000000000000000000001B /* SnipCommand.swift in Sources */,
				10000000000000000000001C /* PanelMoreButton.swift in Sources */,
				100000000000000000000035 /* DevelopmentBuildBadge.swift in Sources */,
				10000000000000000000001D /* SnipListSheets.swift in Sources */,
				100000000000000000000037 /* SnipListIconCatalog.swift in Sources */,
				10000000000000000000001E /* SnipListView.swift in Sources */,
				100000000000000000000030 /* AttachmentPreview.swift in Sources */,
				100000000000000000000031 /* SnipDragExport.swift in Sources */,
				100000000000000000000027 /* PanelUI.swift in Sources */,
				100000000000000000000033 /* SnipSnapColors.swift in Sources */,
				100000000000000000000028 /* ClipboardHistory.swift in Sources */,
				10000000000000000000002A /* SnipListTabBarView.swift in Sources */,
				10000000000000000000002B /* ClipboardViews.swift in Sources */,
				10000000000000000000002D /* PreviewImageCache.swift in Sources */,
				10000000000000000000002E /* ComposerDraftStore.swift in Sources */,
			);
			runOnlyForDeploymentPostprocessing = 0;
		};
		900000000000000000000002 /* Sources */ = {
			isa = PBXSourcesBuildPhase;
			buildActionMask = 2147483647;
			files = (
				10000000000000000000001F /* TestSupport.swift in Sources */,
				100000000000000000000020 /* SnipRepositoryTests.swift in Sources */,
				100000000000000000000021 /* AppModelTests.swift in Sources */,
				100000000000000000000022 /* SnipListModelsTests.swift in Sources */,
				100000000000000000000023 /* DetachedEditorTests.swift in Sources */,
				100000000000000000000024 /* ShortcutTests.swift in Sources */,
				100000000000000000000025 /* AppCoordinatorTests.swift in Sources */,
				100000000000000000000026 /* SelectionCaptureTestSupport.swift in Sources */,
				100000000000000000000017 /* SelectionCaptureTests.swift in Sources */,
				100000000000000000000018 /* PanelTests.swift in Sources */,
				100000000000000000000029 /* ClipboardHistoryTests.swift in Sources */,
			);
			runOnlyForDeploymentPostprocessing = 0;
		};
/* End PBXSourcesBuildPhase section */

/* Begin PBXTargetDependency section */
		B00000000000000000000001 /* PBXTargetDependency */ = {
			isa = PBXTargetDependency;
			target = 500000000000000000000001 /* SnipSnap */;
			targetProxy = 300000000000000000000001 /* PBXContainerItemProxy */;
		};
/* End PBXTargetDependency section */

/* Begin XCBuildConfiguration section */
		C00000000000000000000001 /* Debug */ = {
			isa = XCBuildConfiguration;
			buildSettings = {
				ASSETCATALOG_COMPILER_APPICON_NAME = AppIcon;
				ASSETCATALOG_COMPILER_GENERATE_SWIFT_ASSET_SYMBOL_EXTENSIONS = YES;
				CLANG_ENABLE_MODULES = YES;
				CODE_SIGN_STYLE = Automatic;
				COMBINE_HIDPI_IMAGES = YES;
				CURRENT_PROJECT_VERSION = 4;
				DEVELOPMENT_TEAM = K6239Y94G5;
				ENABLE_APP_SANDBOX = NO;
				ENABLE_HARDENED_RUNTIME = YES;
				ENABLE_PREVIEWS = YES;
				GENERATE_INFOPLIST_FILE = NO;
				INFOPLIST_FILE = SnipSnap/Info.plist;
				INFOPLIST_KEY_CFBundleDisplayName = "Snip Snap";
				INFOPLIST_KEY_LSApplicationCategoryType = "public.app-category.productivity";
				LD_RUNPATH_SEARCH_PATHS = (
					"$(inherited)",
					"@executable_path/../Frameworks",
				);
				MACOSX_DEPLOYMENT_TARGET = 26.0;
				MARKETING_VERSION = 0.3.0;
				PRODUCT_BUNDLE_IDENTIFIER = world.sree.snipsnap;
				PRODUCT_MODULE_NAME = SnipSnap;
				PRODUCT_NAME = "Snip Snap";
				REGISTER_APP_GROUPS = NO;
				SWIFT_EMIT_LOC_STRINGS = YES;
				SWIFT_VERSION = 6.0;
			};
			name = Debug;
		};
		C00000000000000000000002 /* Release */ = {
			isa = XCBuildConfiguration;
			buildSettings = {
				ASSETCATALOG_COMPILER_APPICON_NAME = AppIcon;
				ASSETCATALOG_COMPILER_GENERATE_SWIFT_ASSET_SYMBOL_EXTENSIONS = YES;
				CLANG_ENABLE_MODULES = YES;
				CODE_SIGN_STYLE = Automatic;
				COMBINE_HIDPI_IMAGES = YES;
				CURRENT_PROJECT_VERSION = 4;
				DEVELOPMENT_TEAM = K6239Y94G5;
				ENABLE_APP_SANDBOX = NO;
				ENABLE_HARDENED_RUNTIME = YES;
				ENABLE_PREVIEWS = YES;
				GENERATE_INFOPLIST_FILE = NO;
				INFOPLIST_FILE = SnipSnap/Info.plist;
				INFOPLIST_KEY_CFBundleDisplayName = "Snip Snap";
				INFOPLIST_KEY_LSApplicationCategoryType = "public.app-category.productivity";
				LD_RUNPATH_SEARCH_PATHS = (
					"$(inherited)",
					"@executable_path/../Frameworks",
				);
				MACOSX_DEPLOYMENT_TARGET = 26.0;
				MARKETING_VERSION = 0.3.0;
				PRODUCT_BUNDLE_IDENTIFIER = world.sree.snipsnap;
				PRODUCT_MODULE_NAME = SnipSnap;
				PRODUCT_NAME = "Snip Snap";
				REGISTER_APP_GROUPS = NO;
				SWIFT_EMIT_LOC_STRINGS = YES;
				SWIFT_VERSION = 6.0;
			};
			name = Release;
		};
		C00000000000000000000003 /* Debug */ = {
			isa = XCBuildConfiguration;
			buildSettings = {
				BUNDLE_LOADER = "$(TEST_HOST)";
				CODE_SIGN_STYLE = Automatic;
				GENERATE_INFOPLIST_FILE = YES;
				MACOSX_DEPLOYMENT_TARGET = 26.0;
				PRODUCT_BUNDLE_IDENTIFIER = world.sree.snipsnap.tests;
				PRODUCT_NAME = "$(TARGET_NAME)";
				SWIFT_VERSION = 6.0;
				TEST_HOST = "$(BUILT_PRODUCTS_DIR)/Snip Snap.app/Contents/MacOS/Snip Snap";
			};
			name = Debug;
		};
		C00000000000000000000004 /* Release */ = {
			isa = XCBuildConfiguration;
			buildSettings = {
				BUNDLE_LOADER = "$(TEST_HOST)";
				CODE_SIGN_STYLE = Automatic;
				GENERATE_INFOPLIST_FILE = YES;
				MACOSX_DEPLOYMENT_TARGET = 26.0;
				PRODUCT_BUNDLE_IDENTIFIER = world.sree.snipsnap.tests;
				PRODUCT_NAME = "$(TARGET_NAME)";
				SWIFT_VERSION = 6.0;
				TEST_HOST = "$(BUILT_PRODUCTS_DIR)/Snip Snap.app/Contents/MacOS/Snip Snap";
			};
			name = Release;
		};
		C00000000000000000000005 /* Debug */ = {
			isa = XCBuildConfiguration;
			buildSettings = {
				ALWAYS_SEARCH_USER_PATHS = NO;
				CLANG_ANALYZER_NONNULL = YES;
				CLANG_ANALYZER_NUMBER_OBJECT_CONVERSION = YES_AGGRESSIVE;
				CLANG_CXX_LANGUAGE_STANDARD = "gnu++20";
				CLANG_ENABLE_OBJC_ARC = YES;
				CLANG_WARN_BLOCK_CAPTURE_AUTORELEASING = YES;
				CLANG_WARN_BOOL_CONVERSION = YES;
				CLANG_WARN_COMMA = YES;
				CLANG_WARN_CONSTANT_CONVERSION = YES;
				CLANG_WARN_DEPRECATED_OBJC_IMPLEMENTATIONS = YES;
				CLANG_WARN_DIRECT_OBJC_ISA_USAGE = YES_ERROR;
				CLANG_WARN_DOCUMENTATION_COMMENTS = YES;
				CLANG_WARN_EMPTY_BODY = YES;
				CLANG_WARN_ENUM_CONVERSION = YES;
				CLANG_WARN_INFINITE_RECURSION = YES;
				CLANG_WARN_INT_CONVERSION = YES;
				CLANG_WARN_NON_LITERAL_NULL_CONVERSION = YES;
				CLANG_WARN_OBJC_IMPLICIT_RETAIN_SELF = YES;
				CLANG_WARN_OBJC_LITERAL_CONVERSION = YES;
				CLANG_WARN_OBJC_ROOT_CLASS = YES_ERROR;
				CLANG_WARN_QUOTED_INCLUDE_IN_FRAMEWORK_HEADER = YES;
				CLANG_WARN_RANGE_LOOP_ANALYSIS = YES;
				CLANG_WARN_STRICT_PROTOTYPES = YES;
				CLANG_WARN_SUSPICIOUS_MOVE = YES;
				CLANG_WARN_UNGUARDED_AVAILABILITY = YES_AGGRESSIVE;
				CLANG_WARN_UNREACHABLE_CODE = YES;
				CLANG_WARN__DUPLICATE_METHOD_MATCH = YES;
				COPY_PHASE_STRIP = NO;
				DEBUG_INFORMATION_FORMAT = dwarf;
				ENABLE_STRICT_OBJC_MSGSEND = YES;
				ENABLE_TESTABILITY = YES;
				GCC_C_LANGUAGE_STANDARD = gnu17;
				GCC_DYNAMIC_NO_PIC = NO;
				GCC_NO_COMMON_BLOCKS = YES;
				GCC_OPTIMIZATION_LEVEL = 0;
				GCC_PREPROCESSOR_DEFINITIONS = (
					"DEBUG=1",
					"$(inherited)",
				);
				GCC_WARN_64_TO_32_BIT_CONVERSION = YES;
				GCC_WARN_ABOUT_RETURN_TYPE = YES_ERROR;
				GCC_WARN_UNDECLARED_SELECTOR = YES;
				GCC_WARN_UNINITIALIZED_AUTOS = YES_AGGRESSIVE;
				GCC_WARN_UNUSED_FUNCTION = YES;
				GCC_WARN_UNUSED_VARIABLE = YES;
				LOCALIZATION_PREFERS_STRING_CATALOGS = YES;
				MTL_ENABLE_DEBUG_INFO = INCLUDE_SOURCE;
				MTL_FAST_MATH = YES;
				ONLY_ACTIVE_ARCH = YES;
				SDKROOT = macosx;
				SWIFT_ACTIVE_COMPILATION_CONDITIONS = "DEBUG $(inherited)";
				SWIFT_OPTIMIZATION_LEVEL = "-Onone";
			};
			name = Debug;
		};
		C00000000000000000000006 /* Release */ = {
			isa = XCBuildConfiguration;
			buildSettings = {
				ALWAYS_SEARCH_USER_PATHS = NO;
				CLANG_ANALYZER_NONNULL = YES;
				CLANG_ANALYZER_NUMBER_OBJECT_CONVERSION = YES_AGGRESSIVE;
				CLANG_CXX_LANGUAGE_STANDARD = "gnu++20";
				CLANG_ENABLE_OBJC_ARC = YES;
				CLANG_WARN_BLOCK_CAPTURE_AUTORELEASING = YES;
				CLANG_WARN_BOOL_CONVERSION = YES;
				CLANG_WARN_COMMA = YES;
				CLANG_WARN_CONSTANT_CONVERSION = YES;
				CLANG_WARN_DEPRECATED_OBJC_IMPLEMENTATIONS = YES;
				CLANG_WARN_DIRECT_OBJC_ISA_USAGE = YES_ERROR;
				CLANG_WARN_DOCUMENTATION_COMMENTS = YES;
				CLANG_WARN_EMPTY_BODY = YES;
				CLANG_WARN_ENUM_CONVERSION = YES;
				CLANG_WARN_INFINITE_RECURSION = YES;
				CLANG_WARN_INT_CONVERSION = YES;
				CLANG_WARN_NON_LITERAL_NULL_CONVERSION = YES;
				CLANG_WARN_OBJC_IMPLICIT_RETAIN_SELF = YES;
				CLANG_WARN_OBJC_LITERAL_CONVERSION = YES;
				CLANG_WARN_OBJC_ROOT_CLASS = YES_ERROR;
				CLANG_WARN_QUOTED_INCLUDE_IN_FRAMEWORK_HEADER = YES;
				CLANG_WARN_RANGE_LOOP_ANALYSIS = YES;
				CLANG_WARN_STRICT_PROTOTYPES = YES;
				CLANG_WARN_SUSPICIOUS_MOVE = YES;
				CLANG_WARN_UNGUARDED_AVAILABILITY = YES_AGGRESSIVE;
				CLANG_WARN_UNREACHABLE_CODE = YES;
				CLANG_WARN__DUPLICATE_METHOD_MATCH = YES;
				COPY_PHASE_STRIP = NO;
				DEBUG_INFORMATION_FORMAT = "dwarf-with-dsym";
				ENABLE_NS_ASSERTIONS = NO;
				ENABLE_STRICT_OBJC_MSGSEND = YES;
				GCC_C_LANGUAGE_STANDARD = gnu17;
				GCC_NO_COMMON_BLOCKS = YES;
				GCC_WARN_64_TO_32_BIT_CONVERSION = YES;
				GCC_WARN_ABOUT_RETURN_TYPE = YES_ERROR;
				GCC_WARN_UNDECLARED_SELECTOR = YES;
				GCC_WARN_UNINITIALIZED_AUTOS = YES_AGGRESSIVE;
				GCC_WARN_UNUSED_FUNCTION = YES;
				GCC_WARN_UNUSED_VARIABLE = YES;
				LOCALIZATION_PREFERS_STRING_CATALOGS = YES;
				MTL_ENABLE_DEBUG_INFO = NO;
				MTL_FAST_MATH = YES;
				SDKROOT = macosx;
				SWIFT_COMPILATION_MODE = wholemodule;
			};
			name = Release;
		};
/* End XCBuildConfiguration section */

/* Begin XCConfigurationList section */
		800000000000000000000001 /* Build configuration list for PBXNativeTarget "SnipSnap" */ = {
			isa = XCConfigurationList;
			buildConfigurations = (
				C00000000000000000000001 /* Debug */,
				C00000000000000000000002 /* Release */,
			);
			defaultConfigurationIsVisible = 0;
			defaultConfigurationName = Release;
		};
		800000000000000000000002 /* Build configuration list for PBXNativeTarget "SnipSnapTests" */ = {
			isa = XCConfigurationList;
			buildConfigurations = (
				C00000000000000000000003 /* Debug */,
				C00000000000000000000004 /* Release */,
			);
			defaultConfigurationIsVisible = 0;
			defaultConfigurationName = Release;
		};
		800000000000000000000003 /* Build configuration list for PBXProject "SnipSnap" */ = {
			isa = XCConfigurationList;
			buildConfigurations = (
				C00000000000000000000005 /* Debug */,
				C00000000000000000000006 /* Release */,
			);
			defaultConfigurationIsVisible = 0;
			defaultConfigurationName = Release;
		};
/* End XCConfigurationList section */

/* Begin XCRemoteSwiftPackageReference section */
		2230FA49303C74F2008B20D5 /* XCRemoteSwiftPackageReference "Sparkle" */ = {
			isa = XCRemoteSwiftPackageReference;
			repositoryURL = "https://github.com/sparkle-project/Sparkle";
			requirement = {
				kind = upToNextMajorVersion;
				minimumVersion = 2.9.6;
			};
		};
/* End XCRemoteSwiftPackageReference section */

/* Begin XCSwiftPackageProductDependency section */
		2230FA4A303C74F2008B20D5 /* Sparkle */ = {
			isa = XCSwiftPackageProductDependency;
			package = 2230FA49303C74F2008B20D5 /* XCRemoteSwiftPackageReference "Sparkle" */;
			productName = Sparkle;
		};
/* End XCSwiftPackageProductDependency section */
	};
	rootObject = 400000000000000000000001 /* Project object */;
}
