// !$*UTF8*$!
{
	archiveVersion = 1;
	classes = {
	};
	objectVersion = 77;
	objects = {

/* Begin PBXBuildFile section */
		100000000000000000000001 /* SnipSnapApp.swift in Sources */ = {isa = PBXBuildFile; fileRef = 200000000000000000000001 /* SnipSnapApp.swift */; };
		100000000000000000000002 /* ContentView.swift in Sources */ = {isa = PBXBuildFile; fileRef = 200000000000000000000002 /* ContentView.swift */; };
		100000000000000000000003 /* AppWindowDefaults.swift in Sources */ = {isa = PBXBuildFile; fileRef = 200000000000000000000003 /* AppWindowDefaults.swift */; };
		100000000000000000000006 /* SelectionCapture.swift in Sources */ = {isa = PBXBuildFile; fileRef = 200000000000000000000008 /* SelectionCapture.swift */; };
		100000000000000000000007 /* DetachedEditor.swift in Sources */ = {isa = PBXBuildFile; fileRef = 200000000000000000000009 /* DetachedEditor.swift */; };
		100000000000000000000008 /* Assets.xcassets in Resources */ = {isa = PBXBuildFile; fileRef = 200000000000000000000010 /* Assets.xcassets */; };
		100000000000000000000009 /* ShortcutModel.swift in Sources */ = {isa = PBXBuildFile; fileRef = 200000000000000000000011 /* ShortcutModel.swift */; };
		10000000000000000000000A /* ShortcutSettingsView.swift in Sources */ = {isa = PBXBuildFile; fileRef = 200000000000000000000012 /* ShortcutSettingsView.swift */; };
		10000000000000000000000B /* SnipSnapPanel.swift in Sources */ = {isa = PBXBuildFile; fileRef = 200000000000000000000013 /* SnipSnapPanel.swift */; };
		10000000000000000000000C /* AppCoordinator.swift in Sources */ = {isa = PBXBuildFile; fileRef = 200000000000000000000014 /* AppCoordinator.swift */; };
		10000000000000000000000D /* CaptureHUD.swift in Sources */ = {isa = PBXBuildFile; fileRef = 200000000000000000000015 /* CaptureHUD.swift */; };
		10000000000000000000000E /* SnipCardRow.swift in Sources */ = {isa = PBXBuildFile; fileRef = 200000000000000000000016 /* SnipCardRow.swift */; };
		100000000000000000000011 /* SnipListModels.swift in Sources */ = {isa = PBXBuildFile; fileRef = 200000000000000000000019 /* SnipListModels.swift */; };
		100000000000000000000012 /* AppModel.swift in Sources */ = {isa = PBXBuildFile; fileRef = 20000000000000000000001A /* AppModel.swift */; };
		100000000000000000000013 /* PasteboardSnapshotStore.swift in Sources */ = {isa = PBXBuildFile; fileRef = 20000000000000000000001B /* PasteboardSnapshotStore.swift */; };
		100000000000000000000014 /* DoubleShiftDetector.swift in Sources */ = {isa = PBXBuildFile; fileRef = 20000000000000000000001C /* DoubleShiftDetector.swift */; };
		100000000000000000000015 /* GlobalHotKeyManager.swift in Sources */ = {isa = PBXBuildFile; fileRef = 20000000000000000000001D /* GlobalHotKeyManager.swift */; };
		100000000000000000000017 /* SelectionCaptureTests.swift in Sources */ = {isa = PBXBuildFile; fileRef = 20000000000000000000001F /* SelectionCaptureTests.swift */; };
		100000000000000000000018 /* PanelTests.swift in Sources */ = {isa = PBXBuildFile; fileRef = 200000000000000000000020 /* PanelTests.swift */; };
		100000000000000000000019 /* SelectionCaptureAccess.swift in Sources */ = {isa = PBXBuildFile; fileRef = 200000000000000000000021 /* SelectionCaptureAccess.swift */; };
		10000000000000000000001A /* SelectionCaptureSnapshotReader.swift in Sources */ = {isa = PBXBuildFile; fileRef = 200000000000000000000022 /* SelectionCaptureSnapshotReader.swift */; };
		10000000000000000000001B /* SnipCommand.swift in Sources */ = {isa = PBXBuildFile; fileRef = 200000000000000000000023 /* SnipCommand.swift */; };
		10000000000000000000001C /* PanelMoreButton.swift in Sources */ = {isa = PBXBuildFile; fileRef = 200000000000000000000024 /* PanelMoreButton.swift */; };
		10000000000000000000001D /* SnipListSheets.swift in Sources */ = {isa = PBXBuildFile; fileRef = 200000000000000000000025 /* SnipListSheets.swift */; };
		10000000000000000000001E /* SnipListView.swift in Sources */ = {isa = PBXBuildFile; fileRef = 200000000000000000000026 /* SnipListView.swift */; };
		10000000000000000000001F /* TestSupport.swift in Sources */ = {isa = PBXBuildFile; fileRef = 200000000000000000000027 /* TestSupport.swift */; };
		100000000000000000000020 /* SnipRepositoryTests.swift in Sources */ = {isa = PBXBuildFile; fileRef = 200000000000000000000028 /* SnipRepositoryTests.swift */; };
		100000000000000000000021 /* AppModelTests.swift in Sources */ = {isa = PBXBuildFile; fileRef = 200000000000000000000029 /* AppModelTests.swift */; };
		100000000000000000000022 /* SnipListModelsTests.swift in Sources */ = {isa = PBXBuildFile; fileRef = 20000000000000000000002A /* SnipListModelsTests.swift */; };
		100000000000000000000023 /* DetachedEditorTests.swift in Sources */ = {isa = PBXBuildFile; fileRef = 20000000000000000000002B /* DetachedEditorTests.swift */; };
		100000000000000000000024 /* ShortcutTests.swift in Sources */ = {isa = PBXBuildFile; fileRef = 20000000000000000000002C /* ShortcutTests.swift */; };
		100000000000000000000025 /* AppCoordinatorTests.swift in Sources */ = {isa = PBXBuildFile; fileRef = 20000000000000000000002D /* AppCoordinatorTests.swift */; };
		100000000000000000000026 /* SelectionCaptureTestSupport.swift in Sources */ = {isa = PBXBuildFile; fileRef = 20000000000000000000002E /* SelectionCaptureTestSupport.swift */; };
		100000000000000000000027 /* PanelUI.swift in Sources */ = {isa = PBXBuildFile; fileRef = 200000000000000000000030 /* PanelUI.swift */; };
		100000000000000000000028 /* ClipboardHistory.swift in Sources */ = {isa = PBXBuildFile; fileRef = 200000000000000000000031 /* ClipboardHistory.swift */; };
		100000000000000000000029 /* ClipboardHistoryTests.swift in Sources */ = {isa = PBXBuildFile; fileRef = 200000000000000000000032 /* ClipboardHistoryTests.swift */; };
		10000000000000000000002A /* SnipListTabBarView.swift in Sources */ = {isa = PBXBuildFile; fileRef = 200000000000000000000033 /* SnipListTabBarView.swift */; };
		10000000000000000000002B /* ClipboardViews.swift in Sources */ = {isa = PBXBuildFile; fileRef = 200000000000000000000034 /* ClipboardViews.swift */; };
		10000000000000000000002D /* PreviewImageCache.swift in Sources */ = {isa = PBXBuildFile; fileRef = 200000000000000000000036 /* PreviewImageCache.swift */; };
		10000000000000000000002E /* ComposerDraftStore.swift in Sources */ = {isa = PBXBuildFile; fileRef = 200000000000000000000037 /* ComposerDraftStore.swift */; };
		100000000000000000000030 /* AttachmentPreview.swift in Sources */ = {isa = PBXBuildFile; fileRef = 200000000000000000000039 /* AttachmentPreview.swift */; };
		100000000000000000000031 /* SnipDragExport.swift in Sources */ = {isa = PBXBuildFile; fileRef = 20000000000000000000003A /* SnipDragExport.swift */; };
		100000000000000000000032 /* PanelFileDrop.swift in Sources */ = {isa = PBXBuildFile; fileRef = 20000000000000000000003B /* PanelFileDrop.swift */; };
		100000000000000000000033 /* SnipSnapColors.swift in Sources */ = {isa = PBXBuildFile; fileRef = 20000000000000000000003C /* SnipSnapColors.swift */; };
		100000000000000000000034 /* PanelResizeSurface.swift in Sources */ = {isa = PBXBuildFile; fileRef = 20000000000000000000003D /* PanelResizeSurface.swift */; };
		100000000000000000000035 /* DevelopmentBuildBadge.swift in Sources */ = {isa = PBXBuildFile; fileRef = 20000000000000000000003E /* DevelopmentBuildBadge.swift */; };
		100000000000000000000036 /* PanelMultilineTextInput.swift in Sources */ = {isa = PBXBuildFile; fileRef = 20000000000000000000003F /* PanelMultilineTextInput.swift */; };
		100000000000000000000037 /* SnipListIconCatalog.swift in Sources */ = {isa = PBXBuildFile; fileRef = 200000000000000000000040 /* SnipListIconCatalog.swift */; };
		100000000000000000000038 /* PanelCardInteraction.swift in Sources */ = {isa = PBXBuildFile; fileRef = 200000000000000000000041 /* PanelCardInteraction.swift */; };
		100000000000000000000039 /* SyncedContentSettingsView.swift in Sources */ = {isa = PBXBuildFile; fileRef = 200000000000000000000042 /* SyncedContentSettingsView.swift */; };
		10000000000000000000003A /* CloudDevTransportContractTests.swift in Sources */ = {isa = PBXBuildFile; fileRef = 200000000000000000000043 /* CloudDevTransportContractTests.swift */; };
		10000000000000000000003B /* ComposerDraftStore+ScreenCapture.swift in Sources */ = {isa = PBXBuildFile; fileRef = 200000000000000000000044 /* ComposerDraftStore+ScreenCapture.swift */; };
		2230FA4B303C74F2008B20D5 /* Sparkle in Frameworks */ = {isa = PBXBuildFile; productRef = 2230FA4A303C74F2008B20D5 /* Sparkle */; };
		D00000000000000000000033 /* AppDataPaths.swift in Sources */ = {isa = PBXBuildFile; fileRef = D00000000000000000000032 /* AppDataPaths.swift */; };
		D00000000000000000000020 /* SnipSnapCore in Frameworks */ = {isa = PBXBuildFile; productRef = D00000000000000000000010 /* SnipSnapCore */; };
		D00000000000000000000021 /* SnipSnapPersistence in Frameworks */ = {isa = PBXBuildFile; productRef = D00000000000000000000011 /* SnipSnapPersistence */; };
		D00000000000000000000024 /* SnipSnapCloud in Frameworks */ = {isa = PBXBuildFile; productRef = D00000000000000000000014 /* SnipSnapCloud */; };
		D00000000000000000000025 /* SnipSnapCloud in Frameworks */ = {isa = PBXBuildFile; productRef = D00000000000000000000015 /* SnipSnapCloud */; };
		D00000000000000000000022 /* SnipSnapCore in Frameworks */ = {isa = PBXBuildFile; productRef = D00000000000000000000012 /* SnipSnapCore */; };
		D00000000000000000000023 /* SnipSnapPersistence in Frameworks */ = {isa = PBXBuildFile; productRef = D00000000000000000000013 /* SnipSnapPersistence */; };
		E10000000000000000000001 /* SnipSnapiOSApp.swift in Sources */ = {isa = PBXBuildFile; fileRef = E20000000000000000000001 /* SnipSnapiOSApp.swift */; };
		E10000000000000000000002 /* IOSAppModel.swift in Sources */ = {isa = PBXBuildFile; fileRef = E20000000000000000000002 /* IOSAppModel.swift */; };
		E10000000000000000000031 /* IOSUndoHistory.swift in Sources */ = {isa = PBXBuildFile; fileRef = E20000000000000000000011 /* IOSUndoHistory.swift */; };
		E10000000000000000000032 /* WorkflowControls.swift in Sources */ = {isa = PBXBuildFile; fileRef = E20000000000000000000012 /* WorkflowControls.swift */; };
		E10000000000000000000003 /* AppPresentation.swift in Sources */ = {isa = PBXBuildFile; fileRef = E20000000000000000000003 /* AppPresentation.swift */; };
		E10000000000000000000004 /* IOSAppRootView.swift in Sources */ = {isa = PBXBuildFile; fileRef = E20000000000000000000004 /* IOSAppRootView.swift */; };
		E10000000000000000000005 /* LibraryViews.swift in Sources */ = {isa = PBXBuildFile; fileRef = E20000000000000000000005 /* LibraryViews.swift */; };
		E10000000000000000000006 /* EditorViews.swift in Sources */ = {isa = PBXBuildFile; fileRef = E20000000000000000000006 /* EditorViews.swift */; };
		E10000000000000000000007 /* PreviewSupport.swift in Sources */ = {isa = PBXBuildFile; fileRef = E20000000000000000000007 /* PreviewSupport.swift */; };
		E10000000000000000000008 /* Assets.xcassets in Resources */ = {isa = PBXBuildFile; fileRef = E20000000000000000000008 /* Assets.xcassets */; };
		E10000000000000000000009 /* SnipSnapCore in Frameworks */ = {isa = PBXBuildFile; productRef = EF0000000000000000000001 /* SnipSnapCore */; };
		E1000000000000000000000A /* SnipSnapPersistence in Frameworks */ = {isa = PBXBuildFile; productRef = EF0000000000000000000002 /* SnipSnapPersistence */; };
		E1000000000000000000000E /* SnipSnapCloud in Frameworks */ = {isa = PBXBuildFile; productRef = EF0000000000000000000004 /* SnipSnapCloud */; };
		E1000000000000000000000B /* IOSAppModelTests.swift in Sources */ = {isa = PBXBuildFile; fileRef = E20000000000000000000009 /* IOSAppModelTests.swift */; };
		E1000000000000000000000C /* SnipSnapiOSUITests.swift in Sources */ = {isa = PBXBuildFile; fileRef = E2000000000000000000000A /* SnipSnapiOSUITests.swift */; };
		E1000000000000000000000D /* SnipSnapCore in Frameworks */ = {isa = PBXBuildFile; productRef = EF0000000000000000000003 /* SnipSnapCore */; };
		E10000000000000000000020 /* AttachmentViews.swift in Sources */ = {isa = PBXBuildFile; fileRef = E20000000000000000000020 /* AttachmentViews.swift */; };
		E10000000000000000000021 /* SyncedContentSettingsView.swift in Sources */ = {isa = PBXBuildFile; fileRef = E20000000000000000000021 /* SyncedContentSettingsView.swift */; };
		F10000000000000000000001 /* ShareViewController.swift in Sources */ = {isa = PBXBuildFile; fileRef = F20000000000000000000001 /* ShareViewController.swift */; };
		F10000000000000000000002 /* ShareExtensionModel.swift in Sources */ = {isa = PBXBuildFile; fileRef = F20000000000000000000002 /* ShareExtensionModel.swift */; };
		F10000000000000000000003 /* ShareExtensionInputLoader.swift in Sources */ = {isa = PBXBuildFile; fileRef = F20000000000000000000003 /* ShareExtensionInputLoader.swift */; };
		F10000000000000000000004 /* ShareExtensionView.swift in Sources */ = {isa = PBXBuildFile; fileRef = F20000000000000000000004 /* ShareExtensionView.swift */; };
		F10000000000000000000005 /* SnipSnapCore in Frameworks */ = {isa = PBXBuildFile; productRef = FD0000000000000000000001 /* SnipSnapCore */; };
		F10000000000000000000006 /* SnipSnapPersistence in Frameworks */ = {isa = PBXBuildFile; productRef = FD0000000000000000000002 /* SnipSnapPersistence */; };
		F10000000000000000000007 /* SnipSnapShareExtension.appex in Embed App Extensions */ = {isa = PBXBuildFile; fileRef = F20000000000000000000007 /* SnipSnapShareExtension.appex */; settings = {ATTRIBUTES = (RemoveHeadersOnCopy, ); }; };
		E10000000000000000000030 /* IOSCopyShare.swift in Sources */ = {isa = PBXBuildFile; fileRef = E20000000000000000000030 /* IOSCopyShare.swift */; };
		E10000000000000000000033 /* CompactLibraryControls.swift in Sources */ = {isa = PBXBuildFile; fileRef = E20000000000000000000033 /* CompactLibraryControls.swift */; };
		E10000000000000000000034 /* ComposerDraftStore.swift in Sources */ = {isa = PBXBuildFile; fileRef = 200000000000000000000037 /* ComposerDraftStore.swift */; };
		A10000000000000000000001 /* SnipSnapTheme.swift in Sources */ = {isa = PBXBuildFile; fileRef = A20000000000000000000001 /* SnipSnapTheme.swift */; };
		A10000000000000000000002 /* SnipSnapTheme.swift in Sources */ = {isa = PBXBuildFile; fileRef = A20000000000000000000001 /* SnipSnapTheme.swift */; };
/* End PBXBuildFile section */

/* Begin PBXContainerItemProxy section */
		300000000000000000000001 /* PBXContainerItemProxy */ = {
			isa = PBXContainerItemProxy;
			containerPortal = 400000000000000000000001 /* Project object */;
			proxyType = 1;
			remoteGlobalIDString = 500000000000000000000001;
			remoteInfo = SnipSnap;
		};
		E30000000000000000000001 /* PBXContainerItemProxy */ = {
			isa = PBXContainerItemProxy;
			containerPortal = 400000000000000000000001 /* Project object */;
			proxyType = 1;
			remoteGlobalIDString = E50000000000000000000001;
			remoteInfo = SnipSnapiOS;
		};
		E30000000000000000000002 /* PBXContainerItemProxy */ = {
			isa = PBXContainerItemProxy;
			containerPortal = 400000000000000000000001 /* Project object */;
			proxyType = 1;
			remoteGlobalIDString = E50000000000000000000001;
			remoteInfo = SnipSnapiOS;
		};
		F30000000000000000000001 /* PBXContainerItemProxy */ = {
			isa = PBXContainerItemProxy;
			containerPortal = 400000000000000000000001 /* Project object */;
			proxyType = 1;
			remoteGlobalIDString = F50000000000000000000001;
			remoteInfo = SnipSnapShareExtension;
		};
/* End PBXContainerItemProxy section */

/* Begin PBXCopyFilesBuildPhase section */
		F40000000000000000000001 /* Embed App Extensions */ = {
			isa = PBXCopyFilesBuildPhase;
			buildActionMask = 2147483647;
			dstPath = "";
			dstSubfolderSpec = 13;
			files = (
				F10000000000000000000007 /* SnipSnapShareExtension.appex in Embed App Extensions */,
			);
			name = "Embed App Extensions";
			runOnlyForDeploymentPostprocessing = 0;
		};
/* End PBXCopyFilesBuildPhase section */

/* Begin PBXFileReference section */
		200000000000000000000001 /* SnipSnapApp.swift */ = {isa = PBXFileReference; lastKnownFileType = sourcecode.swift; path = SnipSnapApp.swift; sourceTree = "<group>"; };
		200000000000000000000002 /* ContentView.swift */ = {isa = PBXFileReference; lastKnownFileType = sourcecode.swift; path = ContentView.swift; sourceTree = "<group>"; };
		200000000000000000000003 /* AppWindowDefaults.swift */ = {isa = PBXFileReference; lastKnownFileType = sourcecode.swift; path = AppWindowDefaults.swift; sourceTree = "<group>"; };
		200000000000000000000005 /* Snip Snap.app */ = {isa = PBXFileReference; explicitFileType = wrapper.application; includeInIndex = 0; path = "Snip Snap.app"; sourceTree = BUILT_PRODUCTS_DIR; };
		200000000000000000000006 /* SnipSnapTests.xctest */ = {isa = PBXFileReference; explicitFileType = wrapper.cfbundle; includeInIndex = 0; path = SnipSnapTests.xctest; sourceTree = BUILT_PRODUCTS_DIR; };
		200000000000000000000008 /* SelectionCapture.swift */ = {isa = PBXFileReference; lastKnownFileType = sourcecode.swift; path = SelectionCapture.swift; sourceTree = "<group>"; };
		200000000000000000000009 /* DetachedEditor.swift */ = {isa = PBXFileReference; lastKnownFileType = sourcecode.swift; path = DetachedEditor.swift; sourceTree = "<group>"; };
		200000000000000000000010 /* Assets.xcassets */ = {isa = PBXFileReference; lastKnownFileType = folder.assetcatalog; path = Assets.xcassets; sourceTree = "<group>"; };
		200000000000000000000011 /* ShortcutModel.swift */ = {isa = PBXFileReference; lastKnownFileType = sourcecode.swift; path = ShortcutModel.swift; sourceTree = "<group>"; };
		200000000000000000000012 /* ShortcutSettingsView.swift */ = {isa = PBXFileReference; lastKnownFileType = sourcecode.swift; path = ShortcutSettingsView.swift; sourceTree = "<group>"; };
		200000000000000000000013 /* SnipSnapPanel.swift */ = {isa = PBXFileReference; lastKnownFileType = sourcecode.swift; path = SnipSnapPanel.swift; sourceTree = "<group>"; };
		200000000000000000000014 /* AppCoordinator.swift */ = {isa = PBXFileReference; lastKnownFileType = sourcecode.swift; path = AppCoordinator.swift; sourceTree = "<group>"; };
		200000000000000000000015 /* CaptureHUD.swift */ = {isa = PBXFileReference; lastKnownFileType = sourcecode.swift; path = CaptureHUD.swift; sourceTree = "<group>"; };
		200000000000000000000016 /* SnipCardRow.swift */ = {isa = PBXFileReference; lastKnownFileType = sourcecode.swift; path = SnipCardRow.swift; sourceTree = "<group>"; };
		200000000000000000000019 /* SnipListModels.swift */ = {isa = PBXFileReference; lastKnownFileType = sourcecode.swift; path = SnipListModels.swift; sourceTree = "<group>"; };
		20000000000000000000001A /* AppModel.swift */ = {isa = PBXFileReference; lastKnownFileType = sourcecode.swift; path = AppModel.swift; sourceTree = "<group>"; };
		20000000000000000000001B /* PasteboardSnapshotStore.swift */ = {isa = PBXFileReference; lastKnownFileType = sourcecode.swift; path = PasteboardSnapshotStore.swift; sourceTree = "<group>"; };
		20000000000000000000001C /* DoubleShiftDetector.swift */ = {isa = PBXFileReference; lastKnownFileType = sourcecode.swift; path = DoubleShiftDetector.swift; sourceTree = "<group>"; };
		20000000000000000000001D /* GlobalHotKeyManager.swift */ = {isa = PBXFileReference; lastKnownFileType = sourcecode.swift; path = GlobalHotKeyManager.swift; sourceTree = "<group>"; };
		20000000000000000000001F /* SelectionCaptureTests.swift */ = {isa = PBXFileReference; lastKnownFileType = sourcecode.swift; path = SelectionCaptureTests.swift; sourceTree = "<group>"; };
		200000000000000000000020 /* PanelTests.swift */ = {isa = PBXFileReference; lastKnownFileType = sourcecode.swift; path = PanelTests.swift; sourceTree = "<group>"; };
		200000000000000000000021 /* SelectionCaptureAccess.swift */ = {isa = PBXFileReference; lastKnownFileType = sourcecode.swift; path = SelectionCaptureAccess.swift; sourceTree = "<group>"; };
		200000000000000000000022 /* SelectionCaptureSnapshotReader.swift */ = {isa = PBXFileReference; lastKnownFileType = sourcecode.swift; path = SelectionCaptureSnapshotReader.swift; sourceTree = "<group>"; };
		200000000000000000000023 /* SnipCommand.swift */ = {isa = PBXFileReference; lastKnownFileType = sourcecode.swift; path = SnipCommand.swift; sourceTree = "<group>"; };
		200000000000000000000024 /* PanelMoreButton.swift */ = {isa = PBXFileReference; lastKnownFileType = sourcecode.swift; path = PanelMoreButton.swift; sourceTree = "<group>"; };
		200000000000000000000025 /* SnipListSheets.swift */ = {isa = PBXFileReference; lastKnownFileType = sourcecode.swift; path = SnipListSheets.swift; sourceTree = "<group>"; };
		200000000000000000000026 /* SnipListView.swift */ = {isa = PBXFileReference; lastKnownFileType = sourcecode.swift; path = SnipListView.swift; sourceTree = "<group>"; };
		200000000000000000000027 /* TestSupport.swift */ = {isa = PBXFileReference; lastKnownFileType = sourcecode.swift; path = TestSupport.swift; sourceTree = "<group>"; };
		200000000000000000000028 /* SnipRepositoryTests.swift */ = {isa = PBXFileReference; lastKnownFileType = sourcecode.swift; path = SnipRepositoryTests.swift; sourceTree = "<group>"; };
		200000000000000000000029 /* AppModelTests.swift */ = {isa = PBXFileReference; lastKnownFileType = sourcecode.swift; path = AppModelTests.swift; sourceTree = "<group>"; };
		20000000000000000000002A /* SnipListModelsTests.swift */ = {isa = PBXFileReference; lastKnownFileType = sourcecode.swift; path = SnipListModelsTests.swift; sourceTree = "<group>"; };
		20000000000000000000002B /* DetachedEditorTests.swift */ = {isa = PBXFileReference; lastKnownFileType = sourcecode.swift; path = DetachedEditorTests.swift; sourceTree = "<group>"; };
		20000000000000000000002C /* ShortcutTests.swift */ = {isa = PBXFileReference; lastKnownFileType = sourcecode.swift; path = ShortcutTests.swift; sourceTree = "<group>"; };
		20000000000000000000002D /* AppCoordinatorTests.swift */ = {isa = PBXFileReference; lastKnownFileType = sourcecode.swift; path = AppCoordinatorTests.swift; sourceTree = "<group>"; };
		20000000000000000000002E /* SelectionCaptureTestSupport.swift */ = {isa = PBXFileReference; lastKnownFileType = sourcecode.swift; path = SelectionCaptureTestSupport.swift; sourceTree = "<group>"; };
		20000000000000000000002F /* Info.plist */ = {isa = PBXFileReference; lastKnownFileType = text.plist.xml; path = Info.plist; sourceTree = "<group>"; };
		200000000000000000000030 /* PanelUI.swift */ = {isa = PBXFileReference; lastKnownFileType = sourcecode.swift; path = PanelUI.swift; sourceTree = "<group>"; };
		200000000000000000000031 /* ClipboardHistory.swift */ = {isa = PBXFileReference; lastKnownFileType = sourcecode.swift; path = ClipboardHistory.swift; sourceTree = "<group>"; };
		200000000000000000000032 /* ClipboardHistoryTests.swift */ = {isa = PBXFileReference; lastKnownFileType = sourcecode.swift; path = ClipboardHistoryTests.swift; sourceTree = "<group>"; };
		200000000000000000000033 /* SnipListTabBarView.swift */ = {isa = PBXFileReference; lastKnownFileType = sourcecode.swift; path = SnipListTabBarView.swift; sourceTree = "<group>"; };
		200000000000000000000034 /* ClipboardViews.swift */ = {isa = PBXFileReference; lastKnownFileType = sourcecode.swift; path = ClipboardViews.swift; sourceTree = "<group>"; };
		200000000000000000000036 /* PreviewImageCache.swift */ = {isa = PBXFileReference; lastKnownFileType = sourcecode.swift; path = PreviewImageCache.swift; sourceTree = "<group>"; };
		200000000000000000000037 /* ComposerDraftStore.swift */ = {isa = PBXFileReference; lastKnownFileType = sourcecode.swift; path = ComposerDraftStore.swift; sourceTree = "<group>"; };
		A20000000000000000000001 /* SnipSnapTheme.swift */ = {isa = PBXFileReference; lastKnownFileType = sourcecode.swift; path = SnipSnapTheme.swift; sourceTree = "<group>"; };
		200000000000000000000039 /* AttachmentPreview.swift */ = {isa = PBXFileReference; lastKnownFileType = sourcecode.swift; path = AttachmentPreview.swift; sourceTree = "<group>"; };
		20000000000000000000003A /* SnipDragExport.swift */ = {isa = PBXFileReference; lastKnownFileType = sourcecode.swift; path = SnipDragExport.swift; sourceTree = "<group>"; };
		20000000000000000000003B /* PanelFileDrop.swift */ = {isa = PBXFileReference; lastKnownFileType = sourcecode.swift; path = PanelFileDrop.swift; sourceTree = "<group>"; };
		20000000000000000000003C /* SnipSnapColors.swift */ = {isa = PBXFileReference; lastKnownFileType = sourcecode.swift; path = SnipSnapColors.swift; sourceTree = "<group>"; };
		20000000000000000000003D /* PanelResizeSurface.swift */ = {isa = PBXFileReference; lastKnownFileType = sourcecode.swift; path = PanelResizeSurface.swift; sourceTree = "<group>"; };
		20000000000000000000003E /* DevelopmentBuildBadge.swift */ = {isa = PBXFileReference; lastKnownFileType = sourcecode.swift; path = DevelopmentBuildBadge.swift; sourceTree = "<group>"; };
		20000000000000000000003F /* PanelMultilineTextInput.swift */ = {isa = PBXFileReference; lastKnownFileType = sourcecode.swift; path = PanelMultilineTextInput.swift; sourceTree = "<group>"; };
		200000000000000000000040 /* SnipListIconCatalog.swift */ = {isa = PBXFileReference; lastKnownFileType = sourcecode.swift; path = SnipListIconCatalog.swift; sourceTree = "<group>"; };
		200000000000000000000041 /* PanelCardInteraction.swift */ = {isa = PBXFileReference; lastKnownFileType = sourcecode.swift; path = PanelCardInteraction.swift; sourceTree = "<group>"; };
		200000000000000000000042 /* SyncedContentSettingsView.swift */ = {isa = PBXFileReference; lastKnownFileType = sourcecode.swift; path = SyncedContentSettingsView.swift; sourceTree = "<group>"; };
		200000000000000000000043 /* CloudDevTransportContractTests.swift */ = {isa = PBXFileReference; lastKnownFileType = sourcecode.swift; path = CloudDevTransportContractTests.swift; sourceTree = "<group>"; };
		200000000000000000000044 /* ComposerDraftStore+ScreenCapture.swift */ = {isa = PBXFileReference; lastKnownFileType = sourcecode.swift; path = "ComposerDraftStore+ScreenCapture.swift"; sourceTree = "<group>"; };
		D00000000000000000000001 /* Debug.xcconfig */ = {isa = PBXFileReference; lastKnownFileType = text.xcconfig; path = Debug.xcconfig; sourceTree = "<group>"; };
		D00000000000000000000002 /* Release.xcconfig */ = {isa = PBXFileReference; lastKnownFileType = text.xcconfig; path = Release.xcconfig; sourceTree = "<group>"; };
		D00000000000000000000003 /* Shared.xcconfig */ = {isa = PBXFileReference; lastKnownFileType = text.xcconfig; path = Shared.xcconfig; sourceTree = "<group>"; };
		D00000000000000000000004 /* Local.example.xcconfig */ = {isa = PBXFileReference; lastKnownFileType = text.xcconfig; path = Local.example.xcconfig; sourceTree = "<group>"; };
		D00000000000000000000032 /* AppDataPaths.swift */ = {isa = PBXFileReference; lastKnownFileType = sourcecode.swift; path = AppDataPaths.swift; sourceTree = "<group>"; };
		E20000000000000000000001 /* SnipSnapiOSApp.swift */ = {isa = PBXFileReference; lastKnownFileType = sourcecode.swift; path = SnipSnapiOSApp.swift; sourceTree = "<group>"; };
		E20000000000000000000002 /* IOSAppModel.swift */ = {isa = PBXFileReference; lastKnownFileType = sourcecode.swift; path = IOSAppModel.swift; sourceTree = "<group>"; };
		E20000000000000000000011 /* IOSUndoHistory.swift */ = {isa = PBXFileReference; lastKnownFileType = sourcecode.swift; path = IOSUndoHistory.swift; sourceTree = "<group>"; };
		E20000000000000000000012 /* WorkflowControls.swift */ = {isa = PBXFileReference; lastKnownFileType = sourcecode.swift; path = WorkflowControls.swift; sourceTree = "<group>"; };
		E20000000000000000000003 /* AppPresentation.swift */ = {isa = PBXFileReference; lastKnownFileType = sourcecode.swift; path = AppPresentation.swift; sourceTree = "<group>"; };
		E20000000000000000000004 /* IOSAppRootView.swift */ = {isa = PBXFileReference; lastKnownFileType = sourcecode.swift; path = IOSAppRootView.swift; sourceTree = "<group>"; };
		E20000000000000000000005 /* LibraryViews.swift */ = {isa = PBXFileReference; lastKnownFileType = sourcecode.swift; path = LibraryViews.swift; sourceTree = "<group>"; };
		E20000000000000000000006 /* EditorViews.swift */ = {isa = PBXFileReference; lastKnownFileType = sourcecode.swift; path = EditorViews.swift; sourceTree = "<group>"; };
		E20000000000000000000007 /* PreviewSupport.swift */ = {isa = PBXFileReference; lastKnownFileType = sourcecode.swift; path = PreviewSupport.swift; sourceTree = "<group>"; };
		E20000000000000000000008 /* Assets.xcassets */ = {isa = PBXFileReference; lastKnownFileType = folder.assetcatalog; path = Assets.xcassets; sourceTree = "<group>"; };
		E20000000000000000000009 /* IOSAppModelTests.swift */ = {isa = PBXFileReference; lastKnownFileType = sourcecode.swift; path = IOSAppModelTests.swift; sourceTree = "<group>"; };
		E2000000000000000000000A /* SnipSnapiOSUITests.swift */ = {isa = PBXFileReference; lastKnownFileType = sourcecode.swift; path = SnipSnapiOSUITests.swift; sourceTree = "<group>"; };
		E2000000000000000000000B /* Snip Snap iOS.app */ = {isa = PBXFileReference; explicitFileType = wrapper.application; includeInIndex = 0; path = "Snip Snap iOS.app"; sourceTree = BUILT_PRODUCTS_DIR; };
		E2000000000000000000000C /* SnipSnapiOSTests.xctest */ = {isa = PBXFileReference; explicitFileType = wrapper.cfbundle; includeInIndex = 0; path = SnipSnapiOSTests.xctest; sourceTree = BUILT_PRODUCTS_DIR; };
		E2000000000000000000000D /* SnipSnapiOSUITests.xctest */ = {isa = PBXFileReference; explicitFileType = wrapper.cfbundle; includeInIndex = 0; path = SnipSnapiOSUITests.xctest; sourceTree = BUILT_PRODUCTS_DIR; };
		E2000000000000000000000E /* iOSDebug.xcconfig */ = {isa = PBXFileReference; lastKnownFileType = text.xcconfig; path = iOSDebug.xcconfig; sourceTree = "<group>"; };
		E2000000000000000000000F /* iOSRelease.xcconfig */ = {isa = PBXFileReference; lastKnownFileType = text.xcconfig; path = iOSRelease.xcconfig; sourceTree = "<group>"; };
		E20000000000000000000010 /* iOSShared.xcconfig */ = {isa = PBXFileReference; lastKnownFileType = text.xcconfig; path = iOSShared.xcconfig; sourceTree = "<group>"; };
		E20000000000000000000020 /* AttachmentViews.swift */ = {isa = PBXFileReference; lastKnownFileType = sourcecode.swift; path = AttachmentViews.swift; sourceTree = "<group>"; };
		E20000000000000000000021 /* SyncedContentSettingsView.swift */ = {isa = PBXFileReference; lastKnownFileType = sourcecode.swift; path = SyncedContentSettingsView.swift; sourceTree = "<group>"; };
		F20000000000000000000001 /* ShareViewController.swift */ = {isa = PBXFileReference; lastKnownFileType = sourcecode.swift; path = ShareViewController.swift; sourceTree = "<group>"; };
		F20000000000000000000002 /* ShareExtensionModel.swift */ = {isa = PBXFileReference; lastKnownFileType = sourcecode.swift; path = ShareExtensionModel.swift; sourceTree = "<group>"; };
		F20000000000000000000003 /* ShareExtensionInputLoader.swift */ = {isa = PBXFileReference; lastKnownFileType = sourcecode.swift; path = ShareExtensionInputLoader.swift; sourceTree = "<group>"; };
		F20000000000000000000004 /* ShareExtensionView.swift */ = {isa = PBXFileReference; lastKnownFileType = sourcecode.swift; path = ShareExtensionView.swift; sourceTree = "<group>"; };
		F20000000000000000000005 /* Info.plist */ = {isa = PBXFileReference; lastKnownFileType = text.plist.xml; path = Info.plist; sourceTree = "<group>"; };
		F20000000000000000000006 /* SnipSnapShareExtension.entitlements */ = {isa = PBXFileReference; lastKnownFileType = text.plist.entitlements; path = SnipSnapShareExtension.entitlements; sourceTree = "<group>"; };
		F20000000000000000000007 /* SnipSnapShareExtension.appex */ = {isa = PBXFileReference; explicitFileType = "wrapper.app-extension"; includeInIndex = 0; path = SnipSnapShareExtension.appex; sourceTree = BUILT_PRODUCTS_DIR; };
		F20000000000000000000008 /* SnipSnapiOS.entitlements */ = {isa = PBXFileReference; lastKnownFileType = text.plist.entitlements; path = SnipSnapiOS.entitlements; sourceTree = "<group>"; };
		F20000000000000000000009 /* Info.plist */ = {isa = PBXFileReference; lastKnownFileType = text.plist.xml; path = Info.plist; sourceTree = "<group>"; };
		E20000000000000000000030 /* IOSCopyShare.swift */ = {isa = PBXFileReference; lastKnownFileType = sourcecode.swift; path = IOSCopyShare.swift; sourceTree = "<group>"; };
		E20000000000000000000033 /* CompactLibraryControls.swift */ = {isa = PBXFileReference; lastKnownFileType = sourcecode.swift; path = CompactLibraryControls.swift; sourceTree = "<group>"; };
/* End PBXFileReference section */

/* Begin PBXFrameworksBuildPhase section */
		600000000000000000000001 /* Frameworks */ = {
			isa = PBXFrameworksBuildPhase;
			buildActionMask = 2147483647;
			files = (
				2230FA4B303C74F2008B20D5 /* Sparkle in Frameworks */,
				D00000000000000000000020 /* SnipSnapCore in Frameworks */,
				D00000000000000000000021 /* SnipSnapPersistence in Frameworks */,
				D00000000000000000000024 /* SnipSnapCloud in Frameworks */,
			);
			runOnlyForDeploymentPostprocessing = 0;
		};
		600000000000000000000002 /* Frameworks */ = {
			isa = PBXFrameworksBuildPhase;
			buildActionMask = 2147483647;
			files = (
				D00000000000000000000022 /* SnipSnapCore in Frameworks */,
				D00000000000000000000023 /* SnipSnapPersistence in Frameworks */,
				D00000000000000000000025 /* SnipSnapCloud in Frameworks */,
			);
			runOnlyForDeploymentPostprocessing = 0;
		};
		E60000000000000000000001 /* Frameworks */ = {
			isa = PBXFrameworksBuildPhase;
			buildActionMask = 2147483647;
			files = (
				E10000000000000000000009 /* SnipSnapCore in Frameworks */,
				E1000000000000000000000A /* SnipSnapPersistence in Frameworks */,
				E1000000000000000000000E /* SnipSnapCloud in Frameworks */,
			);
			runOnlyForDeploymentPostprocessing = 0;
		};
		E60000000000000000000002 /* Frameworks */ = {
			isa = PBXFrameworksBuildPhase;
			buildActionMask = 2147483647;
			files = (
				E1000000000000000000000D /* SnipSnapCore in Frameworks */,
			);
			runOnlyForDeploymentPostprocessing = 0;
		};
		E60000000000000000000003 /* Frameworks */ = {
			isa = PBXFrameworksBuildPhase;
			buildActionMask = 2147483647;
			files = (
			);
			runOnlyForDeploymentPostprocessing = 0;
		};
		F60000000000000000000001 /* Frameworks */ = {
			isa = PBXFrameworksBuildPhase;
			buildActionMask = 2147483647;
			files = (
				F10000000000000000000005 /* SnipSnapCore in Frameworks */,
				F10000000000000000000006 /* SnipSnapPersistence in Frameworks */,
			);
			runOnlyForDeploymentPostprocessing = 0;
		};
/* End PBXFrameworksBuildPhase section */

/* Begin PBXGroup section */
		700000000000000000000001 = {
			isa = PBXGroup;
			children = (
				D00000000000000000000005 /* Config */,
				D70000000000000000000006 /* Shared */,
				700000000000000000000002 /* SnipSnap */,
				700000000000000000000003 /* SnipSnapTests */,
				E70000000000000000000001 /* SnipSnapiOS */,
				F70000000000000000000001 /* SnipSnapShareExtension */,
				E70000000000000000000002 /* SnipSnapiOSTests */,
				E70000000000000000000003 /* SnipSnapiOSUITests */,
				700000000000000000000004 /* Products */,
			);
			sourceTree = "<group>";
		};
		700000000000000000000002 /* SnipSnap */ = {
			isa = PBXGroup;
			children = (
				200000000000000000000001 /* SnipSnapApp.swift */,
				200000000000000000000002 /* ContentView.swift */,
				200000000000000000000003 /* AppWindowDefaults.swift */,
				D00000000000000000000032 /* AppDataPaths.swift */,
				200000000000000000000019 /* SnipListModels.swift */,
				20000000000000000000001A /* AppModel.swift */,
				200000000000000000000008 /* SelectionCapture.swift */,
				200000000000000000000021 /* SelectionCaptureAccess.swift */,
				200000000000000000000022 /* SelectionCaptureSnapshotReader.swift */,
				20000000000000000000001B /* PasteboardSnapshotStore.swift */,
				200000000000000000000014 /* AppCoordinator.swift */,
				200000000000000000000015 /* CaptureHUD.swift */,
				200000000000000000000009 /* DetachedEditor.swift */,
				200000000000000000000011 /* ShortcutModel.swift */,
				20000000000000000000001C /* DoubleShiftDetector.swift */,
				20000000000000000000001D /* GlobalHotKeyManager.swift */,
				200000000000000000000012 /* ShortcutSettingsView.swift */,
				200000000000000000000013 /* SnipSnapPanel.swift */,
				20000000000000000000003B /* PanelFileDrop.swift */,
				200000000000000000000041 /* PanelCardInteraction.swift */,
				200000000000000000000042 /* SyncedContentSettingsView.swift */,
				20000000000000000000003D /* PanelResizeSurface.swift */,
				20000000000000000000003F /* PanelMultilineTextInput.swift */,
				200000000000000000000016 /* SnipCardRow.swift */,
				200000000000000000000023 /* SnipCommand.swift */,
				200000000000000000000024 /* PanelMoreButton.swift */,
				20000000000000000000003E /* DevelopmentBuildBadge.swift */,
				200000000000000000000025 /* SnipListSheets.swift */,
				200000000000000000000040 /* SnipListIconCatalog.swift */,
				200000000000000000000026 /* SnipListView.swift */,
				200000000000000000000039 /* AttachmentPreview.swift */,
				20000000000000000000003A /* SnipDragExport.swift */,
				200000000000000000000030 /* PanelUI.swift */,
				20000000000000000000003C /* SnipSnapColors.swift */,
				200000000000000000000031 /* ClipboardHistory.swift */,
				200000000000000000000033 /* SnipListTabBarView.swift */,
				200000000000000000000034 /* ClipboardViews.swift */,
				200000000000000000000036 /* PreviewImageCache.swift */,
				200000000000000000000044 /* ComposerDraftStore+ScreenCapture.swift */,
				20000000000000000000002F /* Info.plist */,
				200000000000000000000010 /* Assets.xcassets */,
			);
			path = SnipSnap;
			sourceTree = "<group>";
		};
		700000000000000000000003 /* SnipSnapTests */ = {
			isa = PBXGroup;
			children = (
				200000000000000000000027 /* TestSupport.swift */,
				200000000000000000000028 /* SnipRepositoryTests.swift */,
				200000000000000000000029 /* AppModelTests.swift */,
				20000000000000000000002A /* SnipListModelsTests.swift */,
				20000000000000000000002B /* DetachedEditorTests.swift */,
				20000000000000000000002C /* ShortcutTests.swift */,
				20000000000000000000002D /* AppCoordinatorTests.swift */,
				20000000000000000000002E /* SelectionCaptureTestSupport.swift */,
				20000000000000000000001F /* SelectionCaptureTests.swift */,
				200000000000000000000020 /* PanelTests.swift */,
				200000000000000000000032 /* ClipboardHistoryTests.swift */,
				200000000000000000000043 /* CloudDevTransportContractTests.swift */,
			);
			path = SnipSnapTests;
			sourceTree = "<group>";
		};
		700000000000000000000004 /* Products */ = {
			isa = PBXGroup;
			children = (
				200000000000000000000005 /* Snip Snap.app */,
				200000000000000000000006 /* SnipSnapTests.xctest */,
				E2000000000000000000000B /* Snip Snap iOS.app */,
				E2000000000000000000000C /* SnipSnapiOSTests.xctest */,
				E2000000000000000000000D /* SnipSnapiOSUITests.xctest */,
				F20000000000000000000007 /* SnipSnapShareExtension.appex */,
			);
			name = Products;
			sourceTree = "<group>";
		};
		D00000000000000000000005 /* Config */ = {
			isa = PBXGroup;
			children = (
				D00000000000000000000001 /* Debug.xcconfig */,
				D00000000000000000000002 /* Release.xcconfig */,
				D00000000000000000000003 /* Shared.xcconfig */,
				D00000000000000000000004 /* Local.example.xcconfig */,
				E2000000000000000000000E /* iOSDebug.xcconfig */,
				E2000000000000000000000F /* iOSRelease.xcconfig */,
				E20000000000000000000010 /* iOSShared.xcconfig */,
			);
			path = Config;
			sourceTree = "<group>";
		};
		D70000000000000000000006 /* Shared */ = {
			isa = PBXGroup;
			children = (
				200000000000000000000037 /* ComposerDraftStore.swift */,
				A20000000000000000000001 /* SnipSnapTheme.swift */,
			);
			path = Shared;
			sourceTree = "<group>";
		};
		E70000000000000000000001 /* SnipSnapiOS */ = {
			isa = PBXGroup;
			children = (
				E20000000000000000000001 /* SnipSnapiOSApp.swift */,
				E20000000000000000000002 /* IOSAppModel.swift */,
				E20000000000000000000011 /* IOSUndoHistory.swift */,
				E20000000000000000000012 /* WorkflowControls.swift */,
				E20000000000000000000003 /* AppPresentation.swift */,
				E20000000000000000000004 /* IOSAppRootView.swift */,
				E20000000000000000000005 /* LibraryViews.swift */,
				E20000000000000000000006 /* EditorViews.swift */,
				E20000000000000000000020 /* AttachmentViews.swift */,
				E20000000000000000000021 /* SyncedContentSettingsView.swift */,
				E20000000000000000000030 /* IOSCopyShare.swift */,
				E20000000000000000000033 /* CompactLibraryControls.swift */,
				E20000000000000000000007 /* PreviewSupport.swift */,
				E20000000000000000000008 /* Assets.xcassets */,
				F20000000000000000000008 /* SnipSnapiOS.entitlements */,
				F20000000000000000000009 /* Info.plist */,
			);
			path = SnipSnapiOS;
			sourceTree = "<group>";
		};
		E70000000000000000000002 /* SnipSnapiOSTests */ = {
			isa = PBXGroup;
			children = (
				E20000000000000000000009 /* IOSAppModelTests.swift */,
			);
			path = SnipSnapiOSTests;
			sourceTree = "<group>";
		};
		E70000000000000000000003 /* SnipSnapiOSUITests */ = {
			isa = PBXGroup;
			children = (
				E2000000000000000000000A /* SnipSnapiOSUITests.swift */,
			);
			path = SnipSnapiOSUITests;
			sourceTree = "<group>";
		};
		F70000000000000000000001 /* SnipSnapShareExtension */ = {
			isa = PBXGroup;
			children = (
				F20000000000000000000001 /* ShareViewController.swift */,
				F20000000000000000000002 /* ShareExtensionModel.swift */,
				F20000000000000000000003 /* ShareExtensionInputLoader.swift */,
				F20000000000000000000004 /* ShareExtensionView.swift */,
				F20000000000000000000005 /* Info.plist */,
				F20000000000000000000006 /* SnipSnapShareExtension.entitlements */,
			);
			path = SnipSnapShareExtension;
			sourceTree = "<group>";
		};
/* End PBXGroup section */

/* Begin PBXNativeTarget section */
		500000000000000000000001 /* SnipSnap */ = {
			isa = PBXNativeTarget;
			buildConfigurationList = 800000000000000000000001 /* Build configuration list for PBXNativeTarget "SnipSnap" */;
			buildPhases = (
				900000000000000000000001 /* Sources */,
				600000000000000000000001 /* Frameworks */,
				A00000000000000000000001 /* Resources */,
			);
			buildRules = (
			);
			dependencies = (
			);
			name = SnipSnap;
			packageProductDependencies = (
				2230FA4A303C74F2008B20D5 /* Sparkle */,
				D00000000000000000000010 /* SnipSnapCore */,
				D00000000000000000000011 /* SnipSnapPersistence */,
				D00000000000000000000014 /* SnipSnapCloud */,
			);
			productName = SnipSnap;
			productReference = 200000000000000000000005 /* Snip Snap.app */;
			productType = "com.apple.product-type.application";
		};
		500000000000000000000002 /* SnipSnapTests */ = {
			isa = PBXNativeTarget;
			buildConfigurationList = 800000000000000000000002 /* Build configuration list for PBXNativeTarget "SnipSnapTests" */;
			buildPhases = (
				900000000000000000000002 /* Sources */,
				600000000000000000000002 /* Frameworks */,
				A00000000000000000000002 /* Resources */,
			);
			buildRules = (
			);
			dependencies = (
				B00000000000000000000001 /* PBXTargetDependency */,
			);
			name = SnipSnapTests;
			packageProductDependencies = (
				D00000000000000000000012 /* SnipSnapCore */,
				D00000000000000000000013 /* SnipSnapPersistence */,
				D00000000000000000000015 /* SnipSnapCloud */,
			);
			productName = SnipSnapTests;
			productReference = 200000000000000000000006 /* SnipSnapTests.xctest */;
			productType = "com.apple.product-type.bundle.unit-test";
		};
		E50000000000000000000001 /* SnipSnapiOS */ = {
			isa = PBXNativeTarget;
			buildConfigurationList = E80000000000000000000001 /* Build configuration list for PBXNativeTarget "SnipSnapiOS" */;
			buildPhases = (
				E90000000000000000000001 /* Sources */,
				E60000000000000000000001 /* Frameworks */,
				EA0000000000000000000001 /* Resources */,
				F40000000000000000000001 /* Embed App Extensions */,
			);
			buildRules = (
			);
			dependencies = (
				FB0000000000000000000001 /* PBXTargetDependency */,
			);
			name = SnipSnapiOS;
			packageProductDependencies = (
				EF0000000000000000000001 /* SnipSnapCore */,
				EF0000000000000000000002 /* SnipSnapPersistence */,
				EF0000000000000000000004 /* SnipSnapCloud */,
			);
			productName = SnipSnapiOS;
			productReference = E2000000000000000000000B /* Snip Snap iOS.app */;
			productType = "com.apple.product-type.application";
		};
		E50000000000000000000002 /* SnipSnapiOSTests */ = {
			isa = PBXNativeTarget;
			buildConfigurationList = E80000000000000000000002 /* Build configuration list for PBXNativeTarget "SnipSnapiOSTests" */;
			buildPhases = (
				E90000000000000000000002 /* Sources */,
				E60000000000000000000002 /* Frameworks */,
				EA0000000000000000000002 /* Resources */,
			);
			buildRules = (
			);
			dependencies = (
				EB0000000000000000000001 /* PBXTargetDependency */,
			);
			name = SnipSnapiOSTests;
			packageProductDependencies = (
				EF0000000000000000000003 /* SnipSnapCore */,
			);
			productName = SnipSnapiOSTests;
			productReference = E2000000000000000000000C /* SnipSnapiOSTests.xctest */;
			productType = "com.apple.product-type.bundle.unit-test";
		};
		E50000000000000000000003 /* SnipSnapiOSUITests */ = {
			isa = PBXNativeTarget;
			buildConfigurationList = E80000000000000000000003 /* Build configuration list for PBXNativeTarget "SnipSnapiOSUITests" */;
			buildPhases = (
				E90000000000000000000003 /* Sources */,
				E60000000000000000000003 /* Frameworks */,
				EA0000000000000000000003 /* Resources */,
			);
			buildRules = (
			);
			dependencies = (
				EB0000000000000000000002 /* PBXTargetDependency */,
			);
			name = SnipSnapiOSUITests;
			packageProductDependencies = (
			);
			productName = SnipSnapiOSUITests;
			productReference = E2000000000000000000000D /* SnipSnapiOSUITests.xctest */;
			productType = "com.apple.product-type.bundle.ui-testing";
		};
		F50000000000000000000001 /* SnipSnapShareExtension */ = {
			isa = PBXNativeTarget;
			buildConfigurationList = F80000000000000000000001 /* Build configuration list for PBXNativeTarget "SnipSnapShareExtension" */;
			buildPhases = (
				F90000000000000000000001 /* Sources */,
				F60000000000000000000001 /* Frameworks */,
				FA0000000000000000000001 /* Resources */,
			);
			buildRules = (
			);
			dependencies = (
			);
			name = SnipSnapShareExtension;
			packageProductDependencies = (
				FD0000000000000000000001 /* SnipSnapCore */,
				FD0000000000000000000002 /* SnipSnapPersistence */,
			);
			productName = SnipSnapShareExtension;
			productReference = F20000000000000000000007 /* SnipSnapShareExtension.appex */;
			productType = "com.apple.product-type.app-extension";
		};
/* End PBXNativeTarget section */

/* Begin PBXProject section */
		400000000000000000000001 /* Project object */ = {
			isa = PBXProject;
			attributes = {
				BuildIndependentTargetsInParallel = 1;
				LastSwiftUpdateCheck = 2660;
				LastUpgradeCheck = 2660;
				TargetAttributes = {
					500000000000000000000001 = {
						CreatedOnToolsVersion = 26.6;
					};
					500000000000000000000002 = {
						CreatedOnToolsVersion = 26.6;
						TestTargetID = 500000000000000000000001;
					};
					E50000000000000000000001 = {
						CreatedOnToolsVersion = 26.6;
					};
					E50000000000000000000002 = {
						CreatedOnToolsVersion = 26.6;
						TestTargetID = E50000000000000000000001;
					};
					E50000000000000000000003 = {
						CreatedOnToolsVersion = 26.6;
						TestTargetID = E50000000000000000000001;
					};
					F50000000000000000000001 = {
						CreatedOnToolsVersion = 26.6;
					};
				};
			};
			buildConfigurationList = 800000000000000000000003 /* Build configuration list for PBXProject "SnipSnap" */;
			developmentRegion = en;
			hasScannedForEncodings = 0;
			knownRegions = (
				en,
				Base,
			);
			mainGroup = 700000000000000000000001;
			minimizedProjectReferenceProxies = 1;
			packageReferences = (
				2230FA49303C74F2008B20D5 /* XCRemoteSwiftPackageReference "Sparkle" */,
				D00000000000000000000030 /* XCLocalSwiftPackageReference "SnipSnapLibrary" */,
			);
			preferredProjectObjectVersion = 77;
			productRefGroup = 700000000000000000000004 /* Products */;
			projectDirPath = "";
			projectRoot = "";
			targets = (
				500000000000000000000001 /* SnipSnap */,
				500000000000000000000002 /* SnipSnapTests */,
				E50000000000000000000001 /* SnipSnapiOS */,
				E50000000000000000000002 /* SnipSnapiOSTests */,
				E50000000000000000000003 /* SnipSnapiOSUITests */,
				F50000000000000000000001 /* SnipSnapShareExtension */,
			);
		};
/* End PBXProject section */

/* Begin PBXResourcesBuildPhase section */
		A00000000000000000000001 /* Resources */ = {
			isa = PBXResourcesBuildPhase;
			buildActionMask = 2147483647;
			files = (
				100000000000000000000008 /* Assets.xcassets in Resources */,
			);
			runOnlyForDeploymentPostprocessing = 0;
		};
		A00000000000000000000002 /* Resources */ = {
			isa = PBXResourcesBuildPhase;
			buildActionMask = 2147483647;
			files = (
			);
			runOnlyForDeploymentPostprocessing = 0;
		};
		EA0000000000000000000001 /* Resources */ = {
			isa = PBXResourcesBuildPhase;
			buildActionMask = 2147483647;
			files = (
				E10000000000000000000008 /* Assets.xcassets in Resources */,
			);
			runOnlyForDeploymentPostprocessing = 0;
		};
		EA0000000000000000000002 /* Resources */ = {
			isa = PBXResourcesBuildPhase;
			buildActionMask = 2147483647;
			files = (
			);
			runOnlyForDeploymentPostprocessing = 0;
		};
		EA0000000000000000000003 /* Resources */ = {
			isa = PBXResourcesBuildPhase;
			buildActionMask = 2147483647;
			files = (
			);
			runOnlyForDeploymentPostprocessing = 0;
		};
		FA0000000000000000000001 /* Resources */ = {
			isa = PBXResourcesBuildPhase;
			buildActionMask = 2147483647;
			files = (
			);
			runOnlyForDeploymentPostprocessing = 0;
		};
/* End PBXResourcesBuildPhase section */

/* Begin PBXSourcesBuildPhase section */
		900000000000000000000001 /* Sources */ = {
			isa = PBXSourcesBuildPhase;
			buildActionMask = 2147483647;
			files = (
				100000000000000000000001 /* SnipSnapApp.swift in Sources */,
				100000000000000000000002 /* ContentView.swift in Sources */,
				100000000000000000000003 /* AppWindowDefaults.swift in Sources */,
				D00000000000000000000033 /* AppDataPaths.swift in Sources */,
				100000000000000000000011 /* SnipListModels.swift in Sources */,
				100000000000000000000012 /* AppModel.swift in Sources */,
				100000000000000000000006 /* SelectionCapture.swift in Sources */,
				100000000000000000000019 /* SelectionCaptureAccess.swift in Sources */,
				10000000000000000000001A /* SelectionCaptureSnapshotReader.swift in Sources */,
				100000000000000000000013 /* PasteboardSnapshotStore.swift in Sources */,
				10000000000000000000000C /* AppCoordinator.swift in Sources */,
				10000000000000000000000D /* CaptureHUD.swift in Sources */,
				100000000000000000000007 /* DetachedEditor.swift in Sources */,
				100000000000000000000009 /* ShortcutModel.swift in Sources */,
				100000000000000000000014 /* DoubleShiftDetector.swift in Sources */,
				100000000000000000000015 /* GlobalHotKeyManager.swift in Sources */,
				10000000000000000000000A /* ShortcutSettingsView.swift in Sources */,
				10000000000000000000000B /* SnipSnapPanel.swift in Sources */,
				100000000000000000000032 /* PanelFileDrop.swift in Sources */,
				100000000000000000000038 /* PanelCardInteraction.swift in Sources */,
				100000000000000000000039 /* SyncedContentSettingsView.swift in Sources */,
				100000000000000000000034 /* PanelResizeSurface.swift in Sources */,
				100000000000000000000036 /* PanelMultilineTextInput.swift in Sources */,
				10000000000000000000000E /* SnipCardRow.swift in Sources */,
				10000000000000000000001B /* SnipCommand.swift in Sources */,
				10000000000000000000001C /* PanelMoreButton.swift in Sources */,
				100000000000000000000035 /* DevelopmentBuildBadge.swift in Sources */,
				10000000000000000000001D /* SnipListSheets.swift in Sources */,
				100000000000000000000037 /* SnipListIconCatalog.swift in Sources */,
				10000000000000000000001E /* SnipListView.swift in Sources */,
				100000000000000000000030 /* AttachmentPreview.swift in Sources */,
				100000000000000000000031 /* SnipDragExport.swift in Sources */,
				100000000000000000000027 /* PanelUI.swift in Sources */,
				100000000000000000000033 /* SnipSnapColors.swift in Sources */,
				100000000000000000000028 /* ClipboardHistory.swift in Sources */,
				10000000000000000000002A /* SnipListTabBarView.swift in Sources */,
				10000000000000000000002B /* ClipboardViews.swift in Sources */,
				10000000000000000000002D /* PreviewImageCache.swift in Sources */,
				10000000000000000000002E /* ComposerDraftStore.swift in Sources */,
				A10000000000000000000001 /* SnipSnapTheme.swift in Sources */,
				10000000000000000000003B /* ComposerDraftStore+ScreenCapture.swift in Sources */,
			);
			runOnlyForDeploymentPostprocessing = 0;
		};
		900000000000000000000002 /* Sources */ = {
			isa = PBXSourcesBuildPhase;
			buildActionMask = 2147483647;
			files = (
				10000000000000000000001F /* TestSupport.swift in Sources */,
				100000000000000000000020 /* SnipRepositoryTests.swift in Sources */,
				100000000000000000000021 /* AppModelTests.swift in Sources */,
				100000000000000000000022 /* SnipListModelsTests.swift in Sources */,
				100000000000000000000023 /* DetachedEditorTests.swift in Sources */,
				100000000000000000000024 /* ShortcutTests.swift in Sources */,
				100000000000000000000025 /* AppCoordinatorTests.swift in Sources */,
				100000000000000000000026 /* SelectionCaptureTestSupport.swift in Sources */,
				100000000000000000000017 /* SelectionCaptureTests.swift in Sources */,
				100000000000000000000018 /* PanelTests.swift in Sources */,
				100000000000000000000029 /* ClipboardHistoryTests.swift in Sources */,
				10000000000000000000003A /* CloudDevTransportContractTests.swift in Sources */,
			);
			runOnlyForDeploymentPostprocessing = 0;
		};
		E90000000000000000000001 /* Sources */ = {
			isa = PBXSourcesBuildPhase;
			buildActionMask = 2147483647;
			files = (
				E10000000000000000000001 /* SnipSnapiOSApp.swift in Sources */,
				E10000000000000000000002 /* IOSAppModel.swift in Sources */,
				E10000000000000000000031 /* IOSUndoHistory.swift in Sources */,
				E10000000000000000000032 /* WorkflowControls.swift in Sources */,
				E10000000000000000000003 /* AppPresentation.swift in Sources */,
				E10000000000000000000004 /* IOSAppRootView.swift in Sources */,
				E10000000000000000000005 /* LibraryViews.swift in Sources */,
				E10000000000000000000006 /* EditorViews.swift in Sources */,
				E10000000000000000000020 /* AttachmentViews.swift in Sources */,
				E10000000000000000000021 /* SyncedContentSettingsView.swift in Sources */,
				E10000000000000000000030 /* IOSCopyShare.swift in Sources */,
				E10000000000000000000033 /* CompactLibraryControls.swift in Sources */,
				E10000000000000000000034 /* ComposerDraftStore.swift in Sources */,
				A10000000000000000000002 /* SnipSnapTheme.swift in Sources */,
				E10000000000000000000007 /* PreviewSupport.swift in Sources */,
			);
			runOnlyForDeploymentPostprocessing = 0;
		};
		E90000000000000000000002 /* Sources */ = {
			isa = PBXSourcesBuildPhase;
			buildActionMask = 2147483647;
			files = (
				E1000000000000000000000B /* IOSAppModelTests.swift in Sources */,
			);
			runOnlyForDeploymentPostprocessing = 0;
		};
		E90000000000000000000003 /* Sources */ = {
			isa = PBXSourcesBuildPhase;
			buildActionMask = 2147483647;
			files = (
				E1000000000000000000000C /* SnipSnapiOSUITests.swift in Sources */,
			);
			runOnlyForDeploymentPostprocessing = 0;
		};
		F90000000000000000000001 /* Sources */ = {
			isa = PBXSourcesBuildPhase;
			buildActionMask = 2147483647;
			files = (
				F10000000000000000000001 /* ShareViewController.swift in Sources */,
				F10000000000000000000002 /* ShareExtensionModel.swift in Sources */,
				F10000000000000000000003 /* ShareExtensionInputLoader.swift in Sources */,
				F10000000000000000000004 /* ShareExtensionView.swift in Sources */,
			);
			runOnlyForDeploymentPostprocessing = 0;
		};
/* End PBXSourcesBuildPhase section */

/* Begin PBXTargetDependency section */
		B00000000000000000000001 /* PBXTargetDependency */ = {
			isa = PBXTargetDependency;
			target = 500000000000000000000001 /* SnipSnap */;
			targetProxy = 300000000000000000000001 /* PBXContainerItemProxy */;
		};
		EB0000000000000000000001 /* PBXTargetDependency */ = {
			isa = PBXTargetDependency;
			target = E50000000000000000000001 /* SnipSnapiOS */;
			targetProxy = E30000000000000000000001 /* PBXContainerItemProxy */;
		};
		EB0000000000000000000002 /* PBXTargetDependency */ = {
			isa = PBXTargetDependency;
			target = E50000000000000000000001 /* SnipSnapiOS */;
			targetProxy = E30000000000000000000002 /* PBXContainerItemProxy */;
		};
		FB0000000000000000000001 /* PBXTargetDependency */ = {
			isa = PBXTargetDependency;
			target = F50000000000000000000001 /* SnipSnapShareExtension */;
			targetProxy = F30000000000000000000001 /* PBXContainerItemProxy */;
		};
/* End PBXTargetDependency section */

/* Begin XCBuildConfiguration section */
		C00000000000000000000001 /* Debug */ = {
			isa = XCBuildConfiguration;
			baseConfigurationReference = D00000000000000000000001 /* Debug.xcconfig */;
			buildSettings = {
			};
			name = Debug;
		};
		C00000000000000000000002 /* Release */ = {
			isa = XCBuildConfiguration;
			baseConfigurationReference = D00000000000000000000002 /* Release.xcconfig */;
			buildSettings = {
			};
			name = Release;
		};
		C00000000000000000000003 /* Debug */ = {
			isa = XCBuildConfiguration;
			buildSettings = {
				BUNDLE_LOADER = "$(TEST_HOST)";
				CODE_SIGN_STYLE = Automatic;
				GENERATE_INFOPLIST_FILE = YES;
				MACOSX_DEPLOYMENT_TARGET = 26.0;
				PRODUCT_BUNDLE_IDENTIFIER = world.sree.snipsnap.tests;
				PRODUCT_NAME = "$(TARGET_NAME)";
				SWIFT_VERSION = 6.0;
				TEST_HOST = "$(BUILT_PRODUCTS_DIR)/Snip Snap.app/Contents/MacOS/Snip Snap";
			};
			name = Debug;
		};
		C00000000000000000000004 /* Release */ = {
			isa = XCBuildConfiguration;
			buildSettings = {
				BUNDLE_LOADER = "$(TEST_HOST)";
				CODE_SIGN_STYLE = Automatic;
				GENERATE_INFOPLIST_FILE = YES;
				MACOSX_DEPLOYMENT_TARGET = 26.0;
				PRODUCT_BUNDLE_IDENTIFIER = world.sree.snipsnap.tests;
				PRODUCT_NAME = "$(TARGET_NAME)";
				SWIFT_VERSION = 6.0;
				TEST_HOST = "$(BUILT_PRODUCTS_DIR)/Snip Snap.app/Contents/MacOS/Snip Snap";
			};
			name = Release;
		};
		C00000000000000000000005 /* Debug */ = {
			isa = XCBuildConfiguration;
			buildSettings = {
				ALWAYS_SEARCH_USER_PATHS = NO;
				CLANG_ANALYZER_NONNULL = YES;
				CLANG_ANALYZER_NUMBER_OBJECT_CONVERSION = YES_AGGRESSIVE;
				CLANG_CXX_LANGUAGE_STANDARD = "gnu++20";
				CLANG_ENABLE_OBJC_ARC = YES;
				CLANG_WARN_BLOCK_CAPTURE_AUTORELEASING = YES;
				CLANG_WARN_BOOL_CONVERSION = YES;
				CLANG_WARN_COMMA = YES;
				CLANG_WARN_CONSTANT_CONVERSION = YES;
				CLANG_WARN_DEPRECATED_OBJC_IMPLEMENTATIONS = YES;
				CLANG_WARN_DIRECT_OBJC_ISA_USAGE = YES_ERROR;
				CLANG_WARN_DOCUMENTATION_COMMENTS = YES;
				CLANG_WARN_EMPTY_BODY = YES;
				CLANG_WARN_ENUM_CONVERSION = YES;
				CLANG_WARN_INFINITE_RECURSION = YES;
				CLANG_WARN_INT_CONVERSION = YES;
				CLANG_WARN_NON_LITERAL_NULL_CONVERSION = YES;
				CLANG_WARN_OBJC_IMPLICIT_RETAIN_SELF = YES;
				CLANG_WARN_OBJC_LITERAL_CONVERSION = YES;
				CLANG_WARN_OBJC_ROOT_CLASS = YES_ERROR;
				CLANG_WARN_QUOTED_INCLUDE_IN_FRAMEWORK_HEADER = YES;
				CLANG_WARN_RANGE_LOOP_ANALYSIS = YES;
				CLANG_WARN_STRICT_PROTOTYPES = YES;
				CLANG_WARN_SUSPICIOUS_MOVE = YES;
				CLANG_WARN_UNGUARDED_AVAILABILITY = YES_AGGRESSIVE;
				CLANG_WARN_UNREACHABLE_CODE = YES;
				CLANG_WARN__DUPLICATE_METHOD_MATCH = YES;
				COPY_PHASE_STRIP = NO;
				DEBUG_INFORMATION_FORMAT = dwarf;
				ENABLE_STRICT_OBJC_MSGSEND = YES;
				ENABLE_TESTABILITY = YES;
				GCC_C_LANGUAGE_STANDARD = gnu17;
				GCC_DYNAMIC_NO_PIC = NO;
				GCC_NO_COMMON_BLOCKS = YES;
				GCC_OPTIMIZATION_LEVEL = 0;
				GCC_PREPROCESSOR_DEFINITIONS = (
					"DEBUG=1",
					"$(inherited)",
				);
				GCC_WARN_64_TO_32_BIT_CONVERSION = YES;
				GCC_WARN_ABOUT_RETURN_TYPE = YES_ERROR;
				GCC_WARN_UNDECLARED_SELECTOR = YES;
				GCC_WARN_UNINITIALIZED_AUTOS = YES_AGGRESSIVE;
				GCC_WARN_UNUSED_FUNCTION = YES;
				GCC_WARN_UNUSED_VARIABLE = YES;
				LOCALIZATION_PREFERS_STRING_CATALOGS = YES;
				MTL_ENABLE_DEBUG_INFO = INCLUDE_SOURCE;
				MTL_FAST_MATH = YES;
				ONLY_ACTIVE_ARCH = YES;
				SDKROOT = macosx;
				SWIFT_ACTIVE_COMPILATION_CONDITIONS = "DEBUG $(inherited)";
				SWIFT_OPTIMIZATION_LEVEL = "-Onone";
			};
			name = Debug;
		};
		C00000000000000000000006 /* Release */ = {
			isa = XCBuildConfiguration;
			buildSettings = {
				ALWAYS_SEARCH_USER_PATHS = NO;
				CLANG_ANALYZER_NONNULL = YES;
				CLANG_ANALYZER_NUMBER_OBJECT_CONVERSION = YES_AGGRESSIVE;
				CLANG_CXX_LANGUAGE_STANDARD = "gnu++20";
				CLANG_ENABLE_OBJC_ARC = YES;
				CLANG_WARN_BLOCK_CAPTURE_AUTORELEASING = YES;
				CLANG_WARN_BOOL_CONVERSION = YES;
				CLANG_WARN_COMMA = YES;
				CLANG_WARN_CONSTANT_CONVERSION = YES;
				CLANG_WARN_DEPRECATED_OBJC_IMPLEMENTATIONS = YES;
				CLANG_WARN_DIRECT_OBJC_ISA_USAGE = YES_ERROR;
				CLANG_WARN_DOCUMENTATION_COMMENTS = YES;
				CLANG_WARN_EMPTY_BODY = YES;
				CLANG_WARN_ENUM_CONVERSION = YES;
				CLANG_WARN_INFINITE_RECURSION = YES;
				CLANG_WARN_INT_CONVERSION = YES;
				CLANG_WARN_NON_LITERAL_NULL_CONVERSION = YES;
				CLANG_WARN_OBJC_IMPLICIT_RETAIN_SELF = YES;
				CLANG_WARN_OBJC_LITERAL_CONVERSION = YES;
				CLANG_WARN_OBJC_ROOT_CLASS = YES_ERROR;
				CLANG_WARN_QUOTED_INCLUDE_IN_FRAMEWORK_HEADER = YES;
				CLANG_WARN_RANGE_LOOP_ANALYSIS = YES;
				CLANG_WARN_STRICT_PROTOTYPES = YES;
				CLANG_WARN_SUSPICIOUS_MOVE = YES;
				CLANG_WARN_UNGUARDED_AVAILABILITY = YES_AGGRESSIVE;
				CLANG_WARN_UNREACHABLE_CODE = YES;
				CLANG_WARN__DUPLICATE_METHOD_MATCH = YES;
				COPY_PHASE_STRIP = NO;
				DEBUG_INFORMATION_FORMAT = "dwarf-with-dsym";
				ENABLE_NS_ASSERTIONS = NO;
				ENABLE_STRICT_OBJC_MSGSEND = YES;
				GCC_C_LANGUAGE_STANDARD = gnu17;
				GCC_NO_COMMON_BLOCKS = YES;
				GCC_WARN_64_TO_32_BIT_CONVERSION = YES;
				GCC_WARN_ABOUT_RETURN_TYPE = YES_ERROR;
				GCC_WARN_UNDECLARED_SELECTOR = YES;
				GCC_WARN_UNINITIALIZED_AUTOS = YES_AGGRESSIVE;
				GCC_WARN_UNUSED_FUNCTION = YES;
				GCC_WARN_UNUSED_VARIABLE = YES;
				LOCALIZATION_PREFERS_STRING_CATALOGS = YES;
				MTL_ENABLE_DEBUG_INFO = NO;
				MTL_FAST_MATH = YES;
				SDKROOT = macosx;
				SWIFT_COMPILATION_MODE = wholemodule;
			};
			name = Release;
		};
		EC0000000000000000000001 /* Debug */ = {
			isa = XCBuildConfiguration;
			baseConfigurationReference = E2000000000000000000000E /* iOSDebug.xcconfig */;
			buildSettings = {
			};
			name = Debug;
		};
		EC0000000000000000000002 /* Release */ = {
			isa = XCBuildConfiguration;
			baseConfigurationReference = E2000000000000000000000F /* iOSRelease.xcconfig */;
			buildSettings = {
			};
			name = Release;
		};
		EC0000000000000000000003 /* Debug */ = {
			isa = XCBuildConfiguration;
			baseConfigurationReference = E2000000000000000000000E /* iOSDebug.xcconfig */;
			buildSettings = {
				BUNDLE_LOADER = "$(TEST_HOST)";
				CODE_SIGN_ENTITLEMENTS = "";
				GENERATE_INFOPLIST_FILE = YES;
				INFOPLIST_FILE = "";
				PRODUCT_BUNDLE_IDENTIFIER = "$(SNIP_SNAP_PRODUCT_BUNDLE_IDENTIFIER).ios.tests";
				PRODUCT_MODULE_NAME = SnipSnapiOSTests;
				PRODUCT_NAME = "$(TARGET_NAME)";
				TEST_HOST = "$(BUILT_PRODUCTS_DIR)/Snip Snap iOS.app/Snip Snap iOS";
			};
			name = Debug;
		};
		EC0000000000000000000004 /* Release */ = {
			isa = XCBuildConfiguration;
			baseConfigurationReference = E2000000000000000000000F /* iOSRelease.xcconfig */;
			buildSettings = {
				BUNDLE_LOADER = "$(TEST_HOST)";
				CODE_SIGN_ENTITLEMENTS = "";
				GENERATE_INFOPLIST_FILE = YES;
				INFOPLIST_FILE = "";
				PRODUCT_BUNDLE_IDENTIFIER = "$(SNIP_SNAP_PRODUCT_BUNDLE_IDENTIFIER).ios.tests";
				PRODUCT_MODULE_NAME = SnipSnapiOSTests;
				PRODUCT_NAME = "$(TARGET_NAME)";
				TEST_HOST = "$(BUILT_PRODUCTS_DIR)/Snip Snap iOS.app/Snip Snap iOS";
			};
			name = Release;
		};
		EC0000000000000000000005 /* Debug */ = {
			isa = XCBuildConfiguration;
			baseConfigurationReference = E2000000000000000000000E /* iOSDebug.xcconfig */;
			buildSettings = {
				CODE_SIGN_ENTITLEMENTS = "";
				GENERATE_INFOPLIST_FILE = YES;
				INFOPLIST_FILE = "";
				PRODUCT_BUNDLE_IDENTIFIER = "$(SNIP_SNAP_PRODUCT_BUNDLE_IDENTIFIER).ios.uitests";
				PRODUCT_MODULE_NAME = SnipSnapiOSUITests;
				PRODUCT_NAME = "$(TARGET_NAME)";
				TEST_TARGET_NAME = SnipSnapiOS;
			};
			name = Debug;
		};
		EC0000000000000000000006 /* Release */ = {
			isa = XCBuildConfiguration;
			baseConfigurationReference = E2000000000000000000000F /* iOSRelease.xcconfig */;
			buildSettings = {
				CODE_SIGN_ENTITLEMENTS = "";
				GENERATE_INFOPLIST_FILE = YES;
				INFOPLIST_FILE = "";
				PRODUCT_BUNDLE_IDENTIFIER = "$(SNIP_SNAP_PRODUCT_BUNDLE_IDENTIFIER).ios.uitests";
				PRODUCT_MODULE_NAME = SnipSnapiOSUITests;
				PRODUCT_NAME = "$(TARGET_NAME)";
				TEST_TARGET_NAME = SnipSnapiOS;
			};
			name = Release;
		};
		FC0000000000000000000001 /* Debug */ = {
			isa = XCBuildConfiguration;
			baseConfigurationReference = E2000000000000000000000E /* iOSDebug.xcconfig */;
			buildSettings = {
				APPLICATION_EXTENSION_API_ONLY = YES;
				CODE_SIGN_ENTITLEMENTS = SnipSnapShareExtension/SnipSnapShareExtension.entitlements;
				GENERATE_INFOPLIST_FILE = NO;
				INFOPLIST_FILE = SnipSnapShareExtension/Info.plist;
				PRODUCT_BUNDLE_IDENTIFIER = "$(SNIP_SNAP_PRODUCT_BUNDLE_IDENTIFIER).ios.share";
				PRODUCT_MODULE_NAME = SnipSnapShareExtension;
				PRODUCT_NAME = SnipSnapShareExtension;
				SKIP_INSTALL = YES;
			};
			name = Debug;
		};
		FC0000000000000000000002 /* Release */ = {
			isa = XCBuildConfiguration;
			baseConfigurationReference = E2000000000000000000000F /* iOSRelease.xcconfig */;
			buildSettings = {
				APPLICATION_EXTENSION_API_ONLY = YES;
				CODE_SIGN_ENTITLEMENTS = SnipSnapShareExtension/SnipSnapShareExtension.entitlements;
				GENERATE_INFOPLIST_FILE = NO;
				INFOPLIST_FILE = SnipSnapShareExtension/Info.plist;
				PRODUCT_BUNDLE_IDENTIFIER = "$(SNIP_SNAP_PRODUCT_BUNDLE_IDENTIFIER).ios.share";
				PRODUCT_MODULE_NAME = SnipSnapShareExtension;
				PRODUCT_NAME = SnipSnapShareExtension;
				SKIP_INSTALL = YES;
			};
			name = Release;
		};
/* End XCBuildConfiguration section */

/* Begin XCConfigurationList section */
		800000000000000000000001 /* Build configuration list for PBXNativeTarget "SnipSnap" */ = {
			isa = XCConfigurationList;
			buildConfigurations = (
				C00000000000000000000001 /* Debug */,
				C00000000000000000000002 /* Release */,
			);
			defaultConfigurationIsVisible = 0;
			defaultConfigurationName = Release;
		};
		800000000000000000000002 /* Build configuration list for PBXNativeTarget "SnipSnapTests" */ = {
			isa = XCConfigurationList;
			buildConfigurations = (
				C00000000000000000000003 /* Debug */,
				C00000000000000000000004 /* Release */,
			);
			defaultConfigurationIsVisible = 0;
			defaultConfigurationName = Release;
		};
		800000000000000000000003 /* Build configuration list for PBXProject "SnipSnap" */ = {
			isa = XCConfigurationList;
			buildConfigurations = (
				C00000000000000000000005 /* Debug */,
				C00000000000000000000006 /* Release */,
			);
			defaultConfigurationIsVisible = 0;
			defaultConfigurationName = Release;
		};
		E80000000000000000000001 /* Build configuration list for PBXNativeTarget "SnipSnapiOS" */ = {
			isa = XCConfigurationList;
			buildConfigurations = (
				EC0000000000000000000001 /* Debug */,
				EC0000000000000000000002 /* Release */,
			);
			defaultConfigurationIsVisible = 0;
			defaultConfigurationName = Release;
		};
		E80000000000000000000002 /* Build configuration list for PBXNativeTarget "SnipSnapiOSTests" */ = {
			isa = XCConfigurationList;
			buildConfigurations = (
				EC0000000000000000000003 /* Debug */,
				EC0000000000000000000004 /* Release */,
			);
			defaultConfigurationIsVisible = 0;
			defaultConfigurationName = Release;
		};
		E80000000000000000000003 /* Build configuration list for PBXNativeTarget "SnipSnapiOSUITests" */ = {
			isa = XCConfigurationList;
			buildConfigurations = (
				EC0000000000000000000005 /* Debug */,
				EC0000000000000000000006 /* Release */,
			);
			defaultConfigurationIsVisible = 0;
			defaultConfigurationName = Release;
		};
		F80000000000000000000001 /* Build configuration list for PBXNativeTarget "SnipSnapShareExtension" */ = {
			isa = XCConfigurationList;
			buildConfigurations = (
				FC0000000000000000000001 /* Debug */,
				FC0000000000000000000002 /* Release */,
			);
			defaultConfigurationIsVisible = 0;
			defaultConfigurationName = Release;
		};
/* End XCConfigurationList section */

/* Begin XCLocalSwiftPackageReference section */
		D00000000000000000000030 /* XCLocalSwiftPackageReference "SnipSnapLibrary" */ = {
			isa = XCLocalSwiftPackageReference;
			relativePath = Packages/SnipSnapLibrary;
		};
/* End XCLocalSwiftPackageReference section */

/* Begin XCRemoteSwiftPackageReference section */
		2230FA49303C74F2008B20D5 /* XCRemoteSwiftPackageReference "Sparkle" */ = {
			isa = XCRemoteSwiftPackageReference;
			repositoryURL = "https://github.com/sparkle-project/Sparkle";
			requirement = {
				kind = upToNextMajorVersion;
				minimumVersion = 2.9.6;
			};
		};
/* End XCRemoteSwiftPackageReference section */

/* Begin XCSwiftPackageProductDependency section */
		2230FA4A303C74F2008B20D5 /* Sparkle */ = {
			isa = XCSwiftPackageProductDependency;
			package = 2230FA49303C74F2008B20D5 /* XCRemoteSwiftPackageReference "Sparkle" */;
			productName = Sparkle;
		};
		D00000000000000000000010 /* SnipSnapCore */ = {
			isa = XCSwiftPackageProductDependency;
			productName = SnipSnapCore;
		};
		D00000000000000000000011 /* SnipSnapPersistence */ = {
			isa = XCSwiftPackageProductDependency;
			productName = SnipSnapPersistence;
		};
		D00000000000000000000012 /* SnipSnapCore */ = {
			isa = XCSwiftPackageProductDependency;
			productName = SnipSnapCore;
		};
		D00000000000000000000013 /* SnipSnapPersistence */ = {
			isa = XCSwiftPackageProductDependency;
			productName = SnipSnapPersistence;
		};
		D00000000000000000000014 /* SnipSnapCloud */ = {
			isa = XCSwiftPackageProductDependency;
			productName = SnipSnapCloud;
		};
		D00000000000000000000015 /* SnipSnapCloud */ = {
			isa = XCSwiftPackageProductDependency;
			productName = SnipSnapCloud;
		};
		EF0000000000000000000001 /* SnipSnapCore */ = {
			isa = XCSwiftPackageProductDependency;
			productName = SnipSnapCore;
		};
		EF0000000000000000000002 /* SnipSnapPersistence */ = {
			isa = XCSwiftPackageProductDependency;
			productName = SnipSnapPersistence;
		};
		EF0000000000000000000003 /* SnipSnapCore */ = {
			isa = XCSwiftPackageProductDependency;
			productName = SnipSnapCore;
		};
		EF0000000000000000000004 /* SnipSnapCloud */ = {
			isa = XCSwiftPackageProductDependency;
			productName = SnipSnapCloud;
		};
		FD0000000000000000000001 /* SnipSnapCore */ = {
			isa = XCSwiftPackageProductDependency;
			productName = SnipSnapCore;
		};
		FD0000000000000000000002 /* SnipSnapPersistence */ = {
			isa = XCSwiftPackageProductDependency;
			productName = SnipSnapPersistence;
		};
/* End XCSwiftPackageProductDependency section */
	};
	rootObject = 400000000000000000000001 /* Project object */;
}
